PODS:
  - Flutter (1.0.0)
  - flutter_voice_processor (1.0.0):
    - Flutter
  - path_provider (0.0.1):
    - Flutter
  - rhino (1.6.3):
    - Flutter

DEPENDENCIES:
  - Flutter (from `Flutter`)
  - flutter_voice_processor (from `.symlinks/plugins/flutter_voice_processor/ios`)
  - path_provider (from `.symlinks/plugins/path_provider/ios`)
  - rhino (from `.symlinks/plugins/rhino/ios`)

EXTERNAL SOURCES:
  Flutter:
    :path: Flutter
  flutter_voice_processor:
    :path: ".symlinks/plugins/flutter_voice_processor/ios"
  path_provider:
    :path: ".symlinks/plugins/path_provider/ios"
  rhino:
    :path: ".symlinks/plugins/rhino/ios"

SPEC CHECKSUMS:
  Flutter: 0e3d915762c693b495b44d77113d4970485de6ec
  flutter_voice_processor: f563048750dd0dcdca5aac253fa57e86f83a6e54
  path_provider: abfe2b5c733d04e238b0d8691db0cfd63a27a93c
  rhino: 711fb79c3af66044ba74e38f01f284c69c762e92

PODFILE CHECKSUM: aafe91acc616949ddb318b77800a7f51bffa2a4c

COCOAPODS: 1.10.0
