PODS:
  - Flutter (1.0.0)
  - flutter_voice_processor (1.1.0):
    - Flutter
    - ios-voice-processor (~> 1.1.0)
  - integration_test (0.0.1):
    - Flutter
  - ios-voice-processor (1.1.0)
  - path_provider_foundation (0.0.1):
    - Flutter
    - FlutterMacOS
  - Rhino-iOS (2.2.2):
    - ios-voice-processor (~> 1.1.0)
  - rhino_flutter (2.2.0):
    - Flutter
    - Rhino-iOS (~> 2.2.0)

DEPENDENCIES:
  - Flutter (from `Flutter`)
  - flutter_voice_processor (from `.symlinks/plugins/flutter_voice_processor/ios`)
  - integration_test (from `.symlinks/plugins/integration_test/ios`)
  - path_provider_foundation (from `.symlinks/plugins/path_provider_foundation/ios`)
  - rhino_flutter (from `.symlinks/plugins/rhino_flutter/ios`)

SPEC REPOS:
  trunk:
    - ios-voice-processor
    - Rhino-iOS

EXTERNAL SOURCES:
  Flutter:
    :path: Flutter
  flutter_voice_processor:
    :path: ".symlinks/plugins/flutter_voice_processor/ios"
  integration_test:
    :path: ".symlinks/plugins/integration_test/ios"
  path_provider_foundation:
    :path: ".symlinks/plugins/path_provider_foundation/ios"
  rhino_flutter:
    :path: ".symlinks/plugins/rhino_flutter/ios"

SPEC CHECKSUMS:
  Flutter: 50d75fe2f02b26cc09d224853bb45737f8b3214a
  flutter_voice_processor: 53afbf59ad3feb82f4a379fea9ed8dc98495210f
  integration_test: a1e7d09bd98eca2fc37aefd79d4f41ad37bdbbe5
  ios-voice-processor: 8e32d7f980a06d392d128ef1cd19cf6ddcaca3c1
  path_provider_foundation: c68054786f1b4f3343858c1e1d0caaded73f0be9
  Rhino-iOS: 0fad86b28d35f67ccb6bd0a2efbbcc0d88b05124
  rhino_flutter: 4c3b4bbe00206617c38ea6f7c2f17d23b2879e90

PODFILE CHECKSUM: 7368163408c647b7eb699d0d788ba6718e18fb8d

COCOAPODS: 1.11.3
