PODS:
  - ios-voice-processor (1.0.3)
  - Rhino-iOS (2.1.2):
    - ios-voice-processor (~> 1.0.2)

DEPENDENCIES:
  - Rhino-iOS (~> 2.1.2)

SPEC REPOS:
  trunk:
    - ios-voice-processor
    - Rhino-iOS

SPEC CHECKSUMS:
  ios-voice-processor: 65b25a8db69ea25ffba0eeef37bae71a982f34cc
  Rhino-iOS: 334035c5c9883123d0ff776b634b227e5664c65b

PODFILE CHECKSUM: a53c81523ed094cc6f4e7ef8834fb1d9dd49527a

COCOAPODS: 1.11.2
