PODS:
  - ios-voice-processor (1.0.3)
  - Rhino-iOS (2.1.2):
    - ios-voice-processor (~> 1.0.2)

DEPENDENCIES:
  - Rhino-iOS (from `https://raw.githubusercontent.com/Picovoice/rhino/ios-update/binding/ios/Rhino-iOS.podspec`)

SPEC REPOS:
  trunk:
    - ios-voice-processor

EXTERNAL SOURCES:
  Rhino-iOS:
    :podspec: https://raw.githubusercontent.com/Picovoice/rhino/ios-update/binding/ios/Rhino-iOS.podspec

CHECKOUT OPTIONS:
  Rhino-iOS:
    :commit: 1d21f656d881afa193ec617bad414a7883a3ab95
    :git: https://github.com/Picovoice/rhino.git

SPEC CHECKSUMS:
  ios-voice-processor: 65b25a8db69ea25ffba0eeef37bae71a982f34cc
  Rhino-iOS: 4d5d13d6f49b3e1600d87afb8cdced640cda7965

PODFILE CHECKSUM: 2dc456af4adb894cb2c3ae984f7ef19c88224c0a

COCOAPODS: 1.11.2
