github.com/Picovoice/pvrecorder/sdk/go v1.0.1 h1:fyKSvcoxW2KllNgg18GIJ/UkqgFFaXWEpnbwuAi410Q=
github.com/Picovoice/pvrecorder/sdk/go v1.0.1/go.mod h1:vkNmQAJCFgKBhSfqdff3OuxvXVpIuwv48odGc3ki83M=
github.com/Picovoice/pvrecorder/sdk/go v1.0.2 h1:UMgGSRjT5ro3DmncOYu6aiCikQp9pZlR3MPQa6QatEo=
github.com/Picovoice/pvrecorder/sdk/go v1.0.2/go.mod h1:vkNmQAJCFgKBhSfqdff3OuxvXVpIuwv48odGc3ki83M=
github.com/Picovoice/rhino/binding/go v1.6.3 h1:5GNHWuJdsQo/IT0l3evzBdJHANJlRrJAQWIKrWVjHao=
github.com/Picovoice/rhino/binding/go v1.6.3/go.mod h1:ezrmZbTY/NN0y8Lu5uQTM82Z5jYe3AkyMLDes/amUIU=
github.com/Picovoice/rhino/binding/go v1.6.4-0.20211112213219-8e633a232d42 h1:yK3fvhf4o+Ivh5eDTpEaA2DKbzWt5j6GaGO/IP8dxSs=
github.com/Picovoice/rhino/binding/go v1.6.4-0.20211112213219-8e633a232d42/go.mod h1:ezrmZbTY/NN0y8Lu5uQTM82Z5jYe3AkyMLDes/amUIU=
github.com/Picovoice/rhino/binding/go v1.6.4-0.20211118175637-decbe04f888d h1:vT8cP1yyX40xTrpQXPonQrTJ3qZbGNO8cf2YbY6weI8=
github.com/Picovoice/rhino/binding/go v1.6.4-0.20211118175637-decbe04f888d/go.mod h1:ezrmZbTY/NN0y8Lu5uQTM82Z5jYe3AkyMLDes/amUIU=
github.com/Picovoice/rhino/binding/go v1.6.4-0.20211118193545-9c3f361976da h1:nUhwFwtJAJLO9Wo7IE3nTGwvneWP/STCJs07xexpHpI=
github.com/Picovoice/rhino/binding/go v1.6.4-0.20211118193545-9c3f361976da/go.mod h1:ezrmZbTY/NN0y8Lu5uQTM82Z5jYe3AkyMLDes/amUIU=
github.com/go-audio/audio v1.0.0 h1:zS9vebldgbQqktK4H0lUqWrG8P0NxCJVqcj7ZpNnwd4=
github.com/go-audio/audio v1.0.0/go.mod h1:6uAu0+H2lHkwdGsAY+j2wHPNPpPoeg5AaEFh9FlA+Zs=
github.com/go-audio/riff v1.0.0 h1:d8iCGbDvox9BfLagY94fBynxSPHO80LmZCaOsmKxokA=
github.com/go-audio/riff v1.0.0/go.mod h1:l3cQwc85y79NQFCRB7TiPoNiaijp6q8Z0Uv38rVG498=
github.com/go-audio/wav v1.0.0 h1:WdSGLhtyud6bof6XHL28xKeCQRzCV06pOFo3LZsFdyE=
github.com/go-audio/wav v1.0.0/go.mod h1:3yoReyQOsiARkvPl3ERCi8JFjihzG6WhjYpZCf5zAWE=
golang.org/x/sys v0.0.0-20210514084401-e8d321eab015/go.mod h1:oPkhp1MJrh7nUepCBck5+mAzfO9JrbApNNgaTdGDITg=
golang.org/x/sys v0.0.0-20210823070655-63515b42dcdf h1:2ucpDCmfkl8Bd/FsLtiD653Wf96cW37s+iGx93zsu4k=
golang.org/x/sys v0.0.0-20210823070655-63515b42dcdf/go.mod h1:oPkhp1MJrh7nUepCBck5+mAzfO9JrbApNNgaTdGDITg=
