// !$*UTF8*$!
{
	archiveVersion = 1;
	classes = {
	};
	objectVersion = 51;
	objects = {

/* Begin PBXBuildFile section */
		BB193E922370C4EC00556136 /* AppDelegate.swift in Sources */ = {isa = PBXBuildFile; fileRef = BB193E912370C4EC00556136 /* AppDelegate.swift */; };
		BB193E942370C4EC00556136 /* SceneDelegate.swift in Sources */ = {isa = PBXBuildFile; fileRef = BB193E932370C4EC00556136 /* SceneDelegate.swift */; };
		BB193E962370C4EC00556136 /* ContentView.swift in Sources */ = {isa = PBXBuildFile; fileRef = BB193E952370C4EC00556136 /* ContentView.swift */; };
		BB193E982370C4F500556136 /* Assets.xcassets in Resources */ = {isa = PBXBuildFile; fileRef = BB193E972370C4F500556136 /* Assets.xcassets */; };
		BB193E9B2370C4F500556136 /* Preview Assets.xcassets in Resources */ = {isa = PBXBuildFile; fileRef = BB193E9A2370C4F500556136 /* Preview Assets.xcassets */; };
		BB193E9E2370C4F500556136 /* LaunchScreen.storyboard in Resources */ = {isa = PBXBuildFile; fileRef = BB193E9C2370C4F500556136 /* LaunchScreen.storyboard */; };
		BB5334A123723091003B6FD1 /* smart_lighting_ios.rhn in Resources */ = {isa = PBXBuildFile; fileRef = BB53349F23723091003B6FD1 /* smart_lighting_ios.rhn */; };
		FB63B28C2141FEF4A95C51A6 /* libPods-RhinoDemo.a in Frameworks */ = {isa = PBXBuildFile; fileRef = 2E1C489D45822B1E0986B8BA /* libPods-RhinoDemo.a */; };
/* End PBXBuildFile section */

/* Begin PBXCopyFilesBuildPhase section */
		02A4163225CDBD6D00082745 /* Embed Frameworks */ = {
			isa = PBXCopyFilesBuildPhase;
			buildActionMask = 2147483647;
			dstPath = "";
			dstSubfolderSpec = 10;
			files = (
			);
			name = "Embed Frameworks";
			runOnlyForDeploymentPostprocessing = 0;
		};
/* End PBXCopyFilesBuildPhase section */

/* Begin PBXFileReference section */
		2E1C489D45822B1E0986B8BA /* libPods-RhinoDemo.a */ = {isa = PBXFileReference; explicitFileType = archive.ar; includeInIndex = 0; path = "libPods-RhinoDemo.a"; sourceTree = BUILT_PRODUCTS_DIR; };
		6810700ACEE574A1FE44D1F2 /* libPods-RhinoDemoUITests.a */ = {isa = PBXFileReference; explicitFileType = archive.ar; includeInIndex = 0; path = "libPods-RhinoDemoUITests.a"; sourceTree = BUILT_PRODUCTS_DIR; };
		81BD06519BC33C36C2D77C7D /* Pods-RhinoDemo.release.xcconfig */ = {isa = PBXFileReference; includeInIndex = 1; lastKnownFileType = text.xcconfig; name = "Pods-RhinoDemo.release.xcconfig"; path = "Target Support Files/Pods-RhinoDemo/Pods-RhinoDemo.release.xcconfig"; sourceTree = "<group>"; };
		8F4E55F466C02D38156A6586 /* Pods-RhinoDemoUITests.debug.xcconfig */ = {isa = PBXFileReference; includeInIndex = 1; lastKnownFileType = text.xcconfig; name = "Pods-RhinoDemoUITests.debug.xcconfig"; path = "Target Support Files/Pods-RhinoDemoUITests/Pods-RhinoDemoUITests.debug.xcconfig"; sourceTree = "<group>"; };
		BB193E8E2370C4EC00556136 /* RhinoDemo.app */ = {isa = PBXFileReference; explicitFileType = wrapper.application; includeInIndex = 0; path = RhinoDemo.app; sourceTree = BUILT_PRODUCTS_DIR; };
		BB193E912370C4EC00556136 /* AppDelegate.swift */ = {isa = PBXFileReference; lastKnownFileType = sourcecode.swift; path = AppDelegate.swift; sourceTree = "<group>"; };
		BB193E932370C4EC00556136 /* SceneDelegate.swift */ = {isa = PBXFileReference; lastKnownFileType = sourcecode.swift; path = SceneDelegate.swift; sourceTree = "<group>"; };
		BB193E952370C4EC00556136 /* ContentView.swift */ = {isa = PBXFileReference; lastKnownFileType = sourcecode.swift; path = ContentView.swift; sourceTree = "<group>"; };
		BB193E972370C4F500556136 /* Assets.xcassets */ = {isa = PBXFileReference; lastKnownFileType = folder.assetcatalog; path = Assets.xcassets; sourceTree = "<group>"; };
		BB193E9A2370C4F500556136 /* Preview Assets.xcassets */ = {isa = PBXFileReference; lastKnownFileType = folder.assetcatalog; path = "Preview Assets.xcassets"; sourceTree = "<group>"; };
		BB193E9D2370C4F500556136 /* Base */ = {isa = PBXFileReference; lastKnownFileType = file.storyboard; name = Base; path = Base.lproj/LaunchScreen.storyboard; sourceTree = "<group>"; };
		BB193E9F2370C4F500556136 /* Info.plist */ = {isa = PBXFileReference; lastKnownFileType = text.plist.xml; path = Info.plist; sourceTree = "<group>"; };
		BB53349F23723091003B6FD1 /* smart_lighting_ios.rhn */ = {isa = PBXFileReference; lastKnownFileType = file; name = smart_lighting_ios.rhn; path = ../../../resources/contexts/ios/smart_lighting_ios.rhn; sourceTree = "<group>"; };
		D3368C9D35E7379BF386625E /* Pods-RhinoDemoUITests.release.xcconfig */ = {isa = PBXFileReference; includeInIndex = 1; lastKnownFileType = text.xcconfig; name = "Pods-RhinoDemoUITests.release.xcconfig"; path = "Target Support Files/Pods-RhinoDemoUITests/Pods-RhinoDemoUITests.release.xcconfig"; sourceTree = "<group>"; };
		F5652D86CACC859DFD1FAF1F /* Pods-RhinoDemo.debug.xcconfig */ = {isa = PBXFileReference; includeInIndex = 1; lastKnownFileType = text.xcconfig; name = "Pods-RhinoDemo.debug.xcconfig"; path = "Target Support Files/Pods-RhinoDemo/Pods-RhinoDemo.debug.xcconfig"; sourceTree = "<group>"; };
/* End PBXFileReference section */

/* Begin PBXFrameworksBuildPhase section */
		BB193E8B2370C4EC00556136 /* Frameworks */ = {
			isa = PBXFrameworksBuildPhase;
			buildActionMask = 2147483647;
			files = (
				FB63B28C2141FEF4A95C51A6 /* libPods-RhinoDemo.a in Frameworks */,
			);
			runOnlyForDeploymentPostprocessing = 0;
		};
/* End PBXFrameworksBuildPhase section */

/* Begin PBXGroup section */
		BB193E852370C4EC00556136 = {
			isa = PBXGroup;
			children = (
				BB193E902370C4EC00556136 /* RhinoDemo */,
				BB193E8F2370C4EC00556136 /* Products */,
				BB53349B2372152D003B6FD1 /* Frameworks */,
				E1CC14E37D7D2680AFB498A7 /* Pods */,
			);
			sourceTree = "<group>";
		};
		BB193E8F2370C4EC00556136 /* Products */ = {
			isa = PBXGroup;
			children = (
				BB193E8E2370C4EC00556136 /* RhinoDemo.app */,
			);
			name = Products;
			sourceTree = "<group>";
		};
		BB193E902370C4EC00556136 /* RhinoDemo */ = {
			isa = PBXGroup;
			children = (
				BB53349F23723091003B6FD1 /* smart_lighting_ios.rhn */,
				BB193E912370C4EC00556136 /* AppDelegate.swift */,
				BB193E932370C4EC00556136 /* SceneDelegate.swift */,
				BB193E952370C4EC00556136 /* ContentView.swift */,
				BB193E972370C4F500556136 /* Assets.xcassets */,
				BB193E9C2370C4F500556136 /* LaunchScreen.storyboard */,
				BB193E9F2370C4F500556136 /* Info.plist */,
				BB193E992370C4F500556136 /* Preview Content */,
			);
			path = RhinoDemo;
			sourceTree = "<group>";
		};
		BB193E992370C4F500556136 /* Preview Content */ = {
			isa = PBXGroup;
			children = (
				BB193E9A2370C4F500556136 /* Preview Assets.xcassets */,
			);
			path = "Preview Content";
			sourceTree = "<group>";
		};
		BB53349B2372152D003B6FD1 /* Frameworks */ = {
			isa = PBXGroup;
			children = (
				2E1C489D45822B1E0986B8BA /* libPods-RhinoDemo.a */,
				6810700ACEE574A1FE44D1F2 /* libPods-RhinoDemoUITests.a */,
			);
			name = Frameworks;
			sourceTree = "<group>";
		};
		E1CC14E37D7D2680AFB498A7 /* Pods */ = {
			isa = PBXGroup;
			children = (
				F5652D86CACC859DFD1FAF1F /* Pods-RhinoDemo.debug.xcconfig */,
				81BD06519BC33C36C2D77C7D /* Pods-RhinoDemo.release.xcconfig */,
				8F4E55F466C02D38156A6586 /* Pods-RhinoDemoUITests.debug.xcconfig */,
				D3368C9D35E7379BF386625E /* Pods-RhinoDemoUITests.release.xcconfig */,
			);
			path = Pods;
			sourceTree = "<group>";
		};
/* End PBXGroup section */

/* Begin PBXNativeTarget section */
		BB193E8D2370C4EC00556136 /* RhinoDemo */ = {
			isa = PBXNativeTarget;
			buildConfigurationList = BB193EA22370C4F500556136 /* Build configuration list for PBXNativeTarget "RhinoDemo" */;
			buildPhases = (
				7371647E97F976B23BAD1CCC /* [CP] Check Pods Manifest.lock */,
				BB193E8A2370C4EC00556136 /* Sources */,
				BB193E8B2370C4EC00556136 /* Frameworks */,
				BB193E8C2370C4EC00556136 /* Resources */,
				02A4163225CDBD6D00082745 /* Embed Frameworks */,
				57906AA1820E12CA3417C0D7 /* [CP] Embed Pods Frameworks */,
				6F7654B2BF786DE74E735337 /* [CP] Copy Pods Resources */,
			);
			buildRules = (
			);
			dependencies = (
			);
			name = RhinoDemo;
			productName = RhinoDemo;
			productReference = BB193E8E2370C4EC00556136 /* RhinoDemo.app */;
			productType = "com.apple.product-type.application";
		};
/* End PBXNativeTarget section */

/* Begin PBXProject section */
		BB193E862370C4EC00556136 /* Project object */ = {
			isa = PBXProject;
			attributes = {
				LastSwiftUpdateCheck = 1250;
				LastUpgradeCheck = 1200;
				ORGANIZATIONNAME = "Picovoice Inc";
				TargetAttributes = {
					BB193E8D2370C4EC00556136 = {
						CreatedOnToolsVersion = 11.0;
					};
				};
			};
			buildConfigurationList = BB193E892370C4EC00556136 /* Build configuration list for PBXProject "RhinoDemo" */;
			compatibilityVersion = "Xcode 9.3";
			developmentRegion = en;
			hasScannedForEncodings = 0;
			knownRegions = (
				en,
				Base,
			);
			mainGroup = BB193E852370C4EC00556136;
			productRefGroup = BB193E8F2370C4EC00556136 /* Products */;
			projectDirPath = "";
			projectRoot = "";
			targets = (
				BB193E8D2370C4EC00556136 /* RhinoDemo */,
			);
		};
/* End PBXProject section */

/* Begin PBXResourcesBuildPhase section */
		BB193E8C2370C4EC00556136 /* Resources */ = {
			isa = PBXResourcesBuildPhase;
			buildActionMask = 2147483647;
			files = (
				BB193E9E2370C4F500556136 /* LaunchScreen.storyboard in Resources */,
				BB193E9B2370C4F500556136 /* Preview Assets.xcassets in Resources */,
				BB5334A123723091003B6FD1 /* smart_lighting_ios.rhn in Resources */,
				BB193E982370C4F500556136 /* Assets.xcassets in Resources */,
			);
			runOnlyForDeploymentPostprocessing = 0;
		};
/* End PBXResourcesBuildPhase section */

/* Begin PBXShellScriptBuildPhase section */
		57906AA1820E12CA3417C0D7 /* [CP] Embed Pods Frameworks */ = {
			isa = PBXShellScriptBuildPhase;
			buildActionMask = 2147483647;
			files = (
			);
			inputFileListPaths = (
				"${PODS_ROOT}/Target Support Files/Pods-RhinoDemo/Pods-RhinoDemo-frameworks-${CONFIGURATION}-input-files.xcfilelist",
			);
			name = "[CP] Embed Pods Frameworks";
			outputFileListPaths = (
				"${PODS_ROOT}/Target Support Files/Pods-RhinoDemo/Pods-RhinoDemo-frameworks-${CONFIGURATION}-output-files.xcfilelist",
			);
			runOnlyForDeploymentPostprocessing = 0;
			shellPath = /bin/sh;
			shellScript = "\"${PODS_ROOT}/Target Support Files/Pods-RhinoDemo/Pods-RhinoDemo-frameworks.sh\"\n";
			showEnvVarsInLog = 0;
		};
		6F7654B2BF786DE74E735337 /* [CP] Copy Pods Resources */ = {
			isa = PBXShellScriptBuildPhase;
			buildActionMask = 2147483647;
			files = (
			);
			inputFileListPaths = (
				"${PODS_ROOT}/Target Support Files/Pods-RhinoDemo/Pods-RhinoDemo-resources-${CONFIGURATION}-input-files.xcfilelist",
			);
			name = "[CP] Copy Pods Resources";
			outputFileListPaths = (
				"${PODS_ROOT}/Target Support Files/Pods-RhinoDemo/Pods-RhinoDemo-resources-${CONFIGURATION}-output-files.xcfilelist",
			);
			runOnlyForDeploymentPostprocessing = 0;
			shellPath = /bin/sh;
			shellScript = "\"${PODS_ROOT}/Target Support Files/Pods-RhinoDemo/Pods-RhinoDemo-resources.sh\"\n";
			showEnvVarsInLog = 0;
		};
		7371647E97F976B23BAD1CCC /* [CP] Check Pods Manifest.lock */ = {
			isa = PBXShellScriptBuildPhase;
			buildActionMask = 2147483647;
			files = (
			);
			inputFileListPaths = (
			);
			inputPaths = (
				"${PODS_PODFILE_DIR_PATH}/Podfile.lock",
				"${PODS_ROOT}/Manifest.lock",
			);
			name = "[CP] Check Pods Manifest.lock";
			outputFileListPaths = (
			);
			outputPaths = (
				"$(DERIVED_FILE_DIR)/Pods-RhinoDemo-checkManifestLockResult.txt",
			);
			runOnlyForDeploymentPostprocessing = 0;
			shellPath = /bin/sh;
			shellScript = "diff \"${PODS_PODFILE_DIR_PATH}/Podfile.lock\" \"${PODS_ROOT}/Manifest.lock\" > /dev/null\nif [ $? != 0 ] ; then\n    # print error to STDERR\n    echo \"error: The sandbox is not in sync with the Podfile.lock. Run 'pod install' or update your CocoaPods installation.\" >&2\n    exit 1\nfi\n# This output is used by Xcode 'outputs' to avoid re-running this script phase.\necho \"SUCCESS\" > \"${SCRIPT_OUTPUT_FILE_0}\"\n";
			showEnvVarsInLog = 0;
		};
/* End PBXShellScriptBuildPhase section */

/* Begin PBXSourcesBuildPhase section */
		BB193E8A2370C4EC00556136 /* Sources */ = {
			isa = PBXSourcesBuildPhase;
			buildActionMask = 2147483647;
			files = (
				BB193E922370C4EC00556136 /* AppDelegate.swift in Sources */,
				BB193E942370C4EC00556136 /* SceneDelegate.swift in Sources */,
				BB193E962370C4EC00556136 /* ContentView.swift in Sources */,
			);
			runOnlyForDeploymentPostprocessing = 0;
		};
/* End PBXSourcesBuildPhase section */

/* Begin PBXVariantGroup section */
		BB193E9C2370C4F500556136 /* LaunchScreen.storyboard */ = {
			isa = PBXVariantGroup;
			children = (
				BB193E9D2370C4F500556136 /* Base */,
			);
			name = LaunchScreen.storyboard;
			sourceTree = "<group>";
		};
/* End PBXVariantGroup section */

/* Begin XCBuildConfiguration section */
		BB193EA02370C4F500556136 /* Debug */ = {
			isa = XCBuildConfiguration;
			buildSettings = {
				ALWAYS_SEARCH_USER_PATHS = NO;
				CLANG_ANALYZER_NONNULL = YES;
				CLANG_ANALYZER_NUMBER_OBJECT_CONVERSION = YES_AGGRESSIVE;
				CLANG_CXX_LANGUAGE_STANDARD = "gnu++14";
				CLANG_CXX_LIBRARY = "libc++";
				CLANG_ENABLE_MODULES = YES;
				CLANG_ENABLE_OBJC_ARC = YES;
				CLANG_ENABLE_OBJC_WEAK = YES;
				CLANG_WARN_BLOCK_CAPTURE_AUTORELEASING = YES;
				CLANG_WARN_BOOL_CONVERSION = YES;
				CLANG_WARN_COMMA = YES;
				CLANG_WARN_CONSTANT_CONVERSION = YES;
				CLANG_WARN_DEPRECATED_OBJC_IMPLEMENTATIONS = YES;
				CLANG_WARN_DIRECT_OBJC_ISA_USAGE = YES_ERROR;
				CLANG_WARN_DOCUMENTATION_COMMENTS = YES;
				CLANG_WARN_EMPTY_BODY = YES;
				CLANG_WARN_ENUM_CONVERSION = YES;
				CLANG_WARN_INFINITE_RECURSION = YES;
				CLANG_WARN_INT_CONVERSION = YES;
				CLANG_WARN_NON_LITERAL_NULL_CONVERSION = YES;
				CLANG_WARN_OBJC_IMPLICIT_RETAIN_SELF = YES;
				CLANG_WARN_OBJC_LITERAL_CONVERSION = YES;
				CLANG_WARN_OBJC_ROOT_CLASS = YES_ERROR;
				CLANG_WARN_QUOTED_INCLUDE_IN_FRAMEWORK_HEADER = YES;
				CLANG_WARN_RANGE_LOOP_ANALYSIS = YES;
				CLANG_WARN_STRICT_PROTOTYPES = YES;
				CLANG_WARN_SUSPICIOUS_MOVE = YES;
				CLANG_WARN_UNGUARDED_AVAILABILITY = YES_AGGRESSIVE;
				CLANG_WARN_UNREACHABLE_CODE = YES;
				CLANG_WARN__DUPLICATE_METHOD_MATCH = YES;
				COPY_PHASE_STRIP = NO;
				DEBUG_INFORMATION_FORMAT = dwarf;
				ENABLE_STRICT_OBJC_MSGSEND = YES;
				ENABLE_TESTABILITY = YES;
				GCC_C_LANGUAGE_STANDARD = gnu11;
				GCC_DYNAMIC_NO_PIC = NO;
				GCC_NO_COMMON_BLOCKS = YES;
				GCC_OPTIMIZATION_LEVEL = 0;
				GCC_PREPROCESSOR_DEFINITIONS = (
					"DEBUG=1",
					"$(inherited)",
				);
				GCC_WARN_64_TO_32_BIT_CONVERSION = YES;
				GCC_WARN_ABOUT_RETURN_TYPE = YES_ERROR;
				GCC_WARN_UNDECLARED_SELECTOR = YES;
				GCC_WARN_UNINITIALIZED_AUTOS = YES_AGGRESSIVE;
				GCC_WARN_UNUSED_FUNCTION = YES;
				GCC_WARN_UNUSED_VARIABLE = YES;
				IPHONEOS_DEPLOYMENT_TARGET = 13.0;
				LIBRARY_SEARCH_PATHS = "";
				MTL_ENABLE_DEBUG_INFO = INCLUDE_SOURCE;
				MTL_FAST_MATH = YES;
				ONLY_ACTIVE_ARCH = YES;
				SDKROOT = iphoneos;
				SWIFT_ACTIVE_COMPILATION_CONDITIONS = DEBUG;
				SWIFT_INCLUDE_PATHS = "${SRCROOT}";
				SWIFT_OPTIMIZATION_LEVEL = "-Onone";
			};
			name = Debug;
		};
		BB193EA12370C4F500556136 /* Release */ = {
			isa = XCBuildConfiguration;
			buildSettings = {
				ALWAYS_SEARCH_USER_PATHS = NO;
				CLANG_ANALYZER_NONNULL = YES;
				CLANG_ANALYZER_NUMBER_OBJECT_CONVERSION = YES_AGGRESSIVE;
				CLANG_CXX_LANGUAGE_STANDARD = "gnu++14";
				CLANG_CXX_LIBRARY = "libc++";
				CLANG_ENABLE_MODULES = YES;
				CLANG_ENABLE_OBJC_ARC = YES;
				CLANG_ENABLE_OBJC_WEAK = YES;
				CLANG_WARN_BLOCK_CAPTURE_AUTORELEASING = YES;
				CLANG_WARN_BOOL_CONVERSION = YES;
				CLANG_WARN_COMMA = YES;
				CLANG_WARN_CONSTANT_CONVERSION = YES;
				CLANG_WARN_DEPRECATED_OBJC_IMPLEMENTATIONS = YES;
				CLANG_WARN_DIRECT_OBJC_ISA_USAGE = YES_ERROR;
				CLANG_WARN_DOCUMENTATION_COMMENTS = YES;
				CLANG_WARN_EMPTY_BODY = YES;
				CLANG_WARN_ENUM_CONVERSION = YES;
				CLANG_WARN_INFINITE_RECURSION = YES;
				CLANG_WARN_INT_CONVERSION = YES;
				CLANG_WARN_NON_LITERAL_NULL_CONVERSION = YES;
				CLANG_WARN_OBJC_IMPLICIT_RETAIN_SELF = YES;
				CLANG_WARN_OBJC_LITERAL_CONVERSION = YES;
				CLANG_WARN_OBJC_ROOT_CLASS = YES_ERROR;
				CLANG_WARN_QUOTED_INCLUDE_IN_FRAMEWORK_HEADER = YES;
				CLANG_WARN_RANGE_LOOP_ANALYSIS = YES;
				CLANG_WARN_STRICT_PROTOTYPES = YES;
				CLANG_WARN_SUSPICIOUS_MOVE = YES;
				CLANG_WARN_UNGUARDED_AVAILABILITY = YES_AGGRESSIVE;
				CLANG_WARN_UNREACHABLE_CODE = YES;
				CLANG_WARN__DUPLICATE_METHOD_MATCH = YES;
				COPY_PHASE_STRIP = NO;
				DEBUG_INFORMATION_FORMAT = "dwarf-with-dsym";
				ENABLE_NS_ASSERTIONS = NO;
				ENABLE_STRICT_OBJC_MSGSEND = YES;
				GCC_C_LANGUAGE_STANDARD = gnu11;
				GCC_NO_COMMON_BLOCKS = YES;
				GCC_WARN_64_TO_32_BIT_CONVERSION = YES;
				GCC_WARN_ABOUT_RETURN_TYPE = YES_ERROR;
				GCC_WARN_UNDECLARED_SELECTOR = YES;
				GCC_WARN_UNINITIALIZED_AUTOS = YES_AGGRESSIVE;
				GCC_WARN_UNUSED_FUNCTION = YES;
				GCC_WARN_UNUSED_VARIABLE = YES;
				IPHONEOS_DEPLOYMENT_TARGET = 13.0;
				LIBRARY_SEARCH_PATHS = "";
				MTL_ENABLE_DEBUG_INFO = NO;
				MTL_FAST_MATH = YES;
				SDKROOT = iphoneos;
				SWIFT_COMPILATION_MODE = wholemodule;
				SWIFT_INCLUDE_PATHS = "${SRCROOT}";
				SWIFT_OPTIMIZATION_LEVEL = "-O";
				VALIDATE_PRODUCT = YES;
			};
			name = Release;
		};
		BB193EA32370C4F500556136 /* Debug */ = {
			isa = XCBuildConfiguration;
			baseConfigurationReference = F5652D86CACC859DFD1FAF1F /* Pods-RhinoDemo.debug.xcconfig */;
			buildSettings = {
				ASSETCATALOG_COMPILER_APPICON_NAME = AppIcon;
				CODE_SIGN_STYLE = Automatic;
				DEVELOPMENT_ASSET_PATHS = "\"RhinoDemo/Preview Content\"";
				DEVELOPMENT_TEAM = 65723695GD;
				ENABLE_PREVIEWS = YES;
				INFOPLIST_FILE = RhinoDemo/Info.plist;
				LD_RUNPATH_SEARCH_PATHS = (
					"$(inherited)",
					"@executable_path/Frameworks",
				);
				PRODUCT_BUNDLE_IDENTIFIER = ai.picovoice.iosnativerhinodemo;
				PRODUCT_NAME = "$(TARGET_NAME)";
				SWIFT_VERSION = 5.0;
				TARGETED_DEVICE_FAMILY = "1,2";
			};
			name = Debug;
		};
		BB193EA42370C4F500556136 /* Release */ = {
			isa = XCBuildConfiguration;
			baseConfigurationReference = 81BD06519BC33C36C2D77C7D /* Pods-RhinoDemo.release.xcconfig */;
			buildSettings = {
				ASSETCATALOG_COMPILER_APPICON_NAME = AppIcon;
				CODE_SIGN_STYLE = Automatic;
				DEVELOPMENT_ASSET_PATHS = "\"RhinoDemo/Preview Content\"";
				DEVELOPMENT_TEAM = 65723695GD;
				ENABLE_PREVIEWS = YES;
				INFOPLIST_FILE = RhinoDemo/Info.plist;
				LD_RUNPATH_SEARCH_PATHS = (
					"$(inherited)",
					"@executable_path/Frameworks",
				);
				PRODUCT_BUNDLE_IDENTIFIER = ai.picovoice.iosnativerhinodemo;
				PRODUCT_NAME = "$(TARGET_NAME)";
				SWIFT_VERSION = 5.0;
				TARGETED_DEVICE_FAMILY = "1,2";
			};
			name = Release;
		};
/* End XCBuildConfiguration section */

/* Begin XCConfigurationList section */
		BB193E892370C4EC00556136 /* Build configuration list for PBXProject "RhinoDemo" */ = {
			isa = XCConfigurationList;
			buildConfigurations = (
				BB193EA02370C4F500556136 /* Debug */,
				BB193EA12370C4F500556136 /* Release */,
			);
			defaultConfigurationIsVisible = 0;
			defaultConfigurationName = Release;
		};
		BB193EA22370C4F500556136 /* Build configuration list for PBXNativeTarget "RhinoDemo" */ = {
			isa = XCConfigurationList;
			buildConfigurations = (
				BB193EA32370C4F500556136 /* Debug */,
				BB193EA42370C4F500556136 /* Release */,
			);
			defaultConfigurationIsVisible = 0;
			defaultConfigurationName = Release;
		};
/* End XCConfigurationList section */
	};
	rootObject = BB193E862370C4EC00556136 /* Project object */;
}
