# THIS IS AN AUTOGENERATED FILE. DO NOT EDIT THIS FILE DIRECTLY.
# yarn lockfile v1


"@picovoice/pvrecorder-node@~1.2.6":
  version "1.2.6"
  resolved "https://registry.yarnpkg.com/@picovoice/pvrecorder-node/-/pvrecorder-node-1.2.6.tgz#6b6ea8b38892b916c9e3682342fa144c710e1aa0"
  integrity sha512-AC8vqo+GWSGquMyyv0rhP68fjCxVe0kCo9QEq5mgBv7qHV2qVH5rm6ONPQQ6rmYD0SfppFaRP0yZKhPs1FhADQ==

"@picovoice/rhino-node@=4.0.1":
  version "4.0.1"
  resolved "https://registry.yarnpkg.com/@picovoice/rhino-node/-/rhino-node-4.0.1.tgz#758a63dce99dc53bf746f7e2bcd517a9e651d3a4"
  integrity sha512-18HGLjdcIRmwMEr7im2O2RqN6Uwcuhuz4kLYROFVrnt/T4MqGDZnXKKIydxq1qTAdObBNZalAREUxg3d+uDZ/Q==

commander@^6.1.0:
  version "6.2.1"
  resolved "https://registry.yarnpkg.com/commander/-/commander-6.2.1.tgz#0792eb682dfbc325999bb2b84fddddba110ac73c"
  integrity sha512-U7VdrJFnJgo4xjrHpTzu0yrHPGImdsmD95ZlgYSEajAn2JKzDhDTPG9kBTefmObL2w/ngeZnilk+OV9CG3d7UA==

wavefile@^11.0.0:
  version "11.0.0"
  resolved "https://registry.yarnpkg.com/wavefile/-/wavefile-11.0.0.tgz#9302165874327ff63a704d00b154c753eaa1b8e7"
  integrity sha512-/OBiAALgWU24IG7sC84cDO/KfFuvajWc5Uec0oV2zrpOOZZDgGdOwHwgEzOrwh8jkubBk7PtZfQBIcI1OaE5Ng==
