// !$*UTF8*$!
{
	archiveVersion = 1;
	classes = {
	};
	objectVersion = 55;
	objects = {

/* Begin PBXBuildFile section */
		02B14C85286E37100086CA40 /* sumāto_shōmei_ios.rhn in Resources */ = {isa = PBXBuildFile; fileRef = 02B14C84286E37100086CA40 /* sumāto_shōmei_ios.rhn */; };
		1E1A57D227CEC84000A05F37 /* AppDelegate.swift in Sources */ = {isa = PBXBuildFile; fileRef = 1E1A57D127CEC84000A05F37 /* AppDelegate.swift */; };
		1E1A57D627CEC84000A05F37 /* ViewController.swift in Sources */ = {isa = PBXBuildFile; fileRef = 1E1A57D527CEC84000A05F37 /* ViewController.swift */; };
		1E1A57D927CEC84000A05F37 /* Main.storyboard in Resources */ = {isa = PBXBuildFile; fileRef = 1E1A57D727CEC84000A05F37 /* Main.storyboard */; };
		1E1A57DB27CEC84000A05F37 /* Assets.xcassets in Resources */ = {isa = PBXBuildFile; fileRef = 1E1A57DA27CEC84000A05F37 /* Assets.xcassets */; };
		1E1A57DE27CEC84000A05F37 /* LaunchScreen.storyboard in Resources */ = {isa = PBXBuildFile; fileRef = 1E1A57DC27CEC84000A05F37 /* LaunchScreen.storyboard */; };
		1E1A57F327CEC84000A05F37 /* RhinoAppTestUITests.swift in Sources */ = {isa = PBXBuildFile; fileRef = 1E1A57F227CEC84000A05F37 /* RhinoAppTestUITests.swift */; };
		1E1A581E27CECE1B00A05F37 /* rhino_params_de.pv in Resources */ = {isa = PBXBuildFile; fileRef = 1E1A581A27CECE1B00A05F37 /* rhino_params_de.pv */; };
		1E1A581F27CECE1B00A05F37 /* rhino_params_es.pv in Resources */ = {isa = PBXBuildFile; fileRef = 1E1A581B27CECE1B00A05F37 /* rhino_params_es.pv */; };
		1E1A582027CECE1B00A05F37 /* rhino_params.pv in Resources */ = {isa = PBXBuildFile; fileRef = 1E1A581C27CECE1B00A05F37 /* rhino_params.pv */; };
		1E1A582127CECE1B00A05F37 /* rhino_params_fr.pv in Resources */ = {isa = PBXBuildFile; fileRef = 1E1A581D27CECE1B00A05F37 /* rhino_params_fr.pv */; };
		1E1A582C27CECE6900A05F37 /* test_within_context.wav in Resources */ = {isa = PBXBuildFile; fileRef = 1E1A582A27CECE6900A05F37 /* test_within_context.wav */; };
		1E1A582D27CECE6900A05F37 /* test_out_of_context.wav in Resources */ = {isa = PBXBuildFile; fileRef = 1E1A582B27CECE6900A05F37 /* test_out_of_context.wav */; };
		1E5B7AD72800AC2700F8BDDB /* PerformanceTest.swift in Sources */ = {isa = PBXBuildFile; fileRef = 1E5B7AD62800AC2700F8BDDB /* PerformanceTest.swift */; };
		1E5B7ADA2800ADCD00F8BDDB /* coffee_maker_ios.rhn in Resources */ = {isa = PBXBuildFile; fileRef = 1E5B7AD92800ADCD00F8BDDB /* coffee_maker_ios.rhn */; };
		1E5B7ADC2800ADD800F8BDDB /* test_within_context.wav in Resources */ = {isa = PBXBuildFile; fileRef = 1E5B7ADB2800ADD800F8BDDB /* test_within_context.wav */; };
		3C77A1FF7E9EE1E6942527E8 /* libPods-RhinoAppTestUITests.a in Frameworks */ = {isa = PBXBuildFile; fileRef = 5AA66651E907F4A1B2E5D84A /* libPods-RhinoAppTestUITests.a */; };
		3D73D7DE0BB4828FC4E1B3C2 /* libPods-PerformanceTest.a in Frameworks */ = {isa = PBXBuildFile; fileRef = F7F2642FE16C549581638C57 /* libPods-PerformanceTest.a */; };
		A52A70B2FE21B957B2E78C2F /* test_within_context_ja.wav in Resources */ = {isa = PBXBuildFile; fileRef = A52A7C317172297967CAF095 /* test_within_context_ja.wav */; };
		A52A7114561B04F3590BB768 /* test_out_of_context_it.wav in Resources */ = {isa = PBXBuildFile; fileRef = A52A77CC3B85357E69958291 /* test_out_of_context_it.wav */; };
		A52A7177277E09FDB90873C8 /* luz_inteligente_ios.rhn in Resources */ = {isa = PBXBuildFile; fileRef = A52A7CAA12CF53CD96D8956C /* luz_inteligente_ios.rhn */; };
		A52A721679D3846A82FDB9C1 /* beleuchtung_ios.rhn in Resources */ = {isa = PBXBuildFile; fileRef = A52A7D5B84DC9166971ACC2E /* beleuchtung_ios.rhn */; };
		A52A72B92B4BB59C7390A530 /* smart_lighting_ios.rhn in Resources */ = {isa = PBXBuildFile; fileRef = A52A75D0A1E0398CEA568FAC /* smart_lighting_ios.rhn */; };
		A52A73812314C22000D4B475 /* iluminación_inteligente_ios.rhn in Resources */ = {isa = PBXBuildFile; fileRef = A52A77BE24D51566250F0AA6 /* iluminación_inteligente_ios.rhn */; };
		A52A7426A2CCB68C3F318B93 /* test_out_of_context_ko.wav in Resources */ = {isa = PBXBuildFile; fileRef = A52A7D89F934E536C65197FA /* test_out_of_context_ko.wav */; };
		A52A745C6F69FD0460301204 /* test_within_context_de.wav in Resources */ = {isa = PBXBuildFile; fileRef = A52A798584A71C00A836BD0C /* test_within_context_de.wav */; };
		A52A747A5189CD5DC58C8F42 /* éclairage_intelligent_ios.rhn in Resources */ = {isa = PBXBuildFile; fileRef = A52A7D7AB80BFE9C930E958E /* éclairage_intelligent_ios.rhn */; };
		A52A74B8508C612771C5C93D /* test_out_of_context_de.wav in Resources */ = {isa = PBXBuildFile; fileRef = A52A78910DF7D196A60BBB1A /* test_out_of_context_de.wav */; };
		A52A74ECE4A9A3064CA97CB0 /* RhinoLanguageTests.swift in Sources */ = {isa = PBXBuildFile; fileRef = A52A7ACF80691513299515C9 /* RhinoLanguageTests.swift */; };
		A52A758F74FC7EE61FE51665 /* rhino_params_ja.pv in Resources */ = {isa = PBXBuildFile; fileRef = A52A74A85E9B99A780E3F73C /* rhino_params_ja.pv */; };
		A52A75AB462A6867C9727E36 /* test_out_of_context_ja.wav in Resources */ = {isa = PBXBuildFile; fileRef = A52A7FC109142E4DE41A9E79 /* test_out_of_context_ja.wav */; };
		A52A765EAE3B24860A29043F /* test_out_of_context_fr.wav in Resources */ = {isa = PBXBuildFile; fileRef = A52A75735B7C28702793B60F /* test_out_of_context_fr.wav */; };
		A52A7694C5D7357377595DC8 /* rhino_params_ko.pv in Resources */ = {isa = PBXBuildFile; fileRef = A52A7015B323CF213DD60612 /* rhino_params_ko.pv */; };
		A52A76A9ACE212D5A3952749 /* rhino_params_it.pv in Resources */ = {isa = PBXBuildFile; fileRef = A52A71E731006092EDF49A1B /* rhino_params_it.pv */; };
		A52A76B187489DF4FFAD2F39 /* test_within_context_fr.wav in Resources */ = {isa = PBXBuildFile; fileRef = A52A71E45C44ED0CDF0FAA2D /* test_within_context_fr.wav */; };
		A52A77047368BCAF03F4AC7E /* test_out_of_context_pt.wav in Resources */ = {isa = PBXBuildFile; fileRef = A52A7380AEF46FAD883B6458 /* test_out_of_context_pt.wav */; };
		A52A77158F4BF6E7BAA65B89 /* seumateu_jomyeong_ios.rhn in Resources */ = {isa = PBXBuildFile; fileRef = A52A766D48FAA7438AB84582 /* seumateu_jomyeong_ios.rhn */; };
		A52A774600DC8C5E6D594633 /* test_within_context_ko.wav in Resources */ = {isa = PBXBuildFile; fileRef = A52A7340569E0557708350E3 /* test_within_context_ko.wav */; };
		A52A77762B113F4CE575C58D /* rhino_params_pt.pv in Resources */ = {isa = PBXBuildFile; fileRef = A52A7AAF5371E4E4D6C44FA3 /* rhino_params_pt.pv */; };
		A52A7A0EE912254426D840F6 /* test_out_of_context_es.wav in Resources */ = {isa = PBXBuildFile; fileRef = A52A7575321E88D9EB1C821F /* test_out_of_context_es.wav */; };
		A52A7A627A77D9FA5B08BD4E /* illuminazione_ios.rhn in Resources */ = {isa = PBXBuildFile; fileRef = A52A7587094AF1759B64CB75 /* illuminazione_ios.rhn */; };
		A52A7B7581570ED07581B18D /* test_within_context_pt.wav in Resources */ = {isa = PBXBuildFile; fileRef = A52A770C0870723A5D907546 /* test_within_context_pt.wav */; };
		A52A7BCE7E59E6149B9AC7E3 /* test_within_context_it.wav in Resources */ = {isa = PBXBuildFile; fileRef = A52A7B23940A40444B02FB38 /* test_within_context_it.wav */; };
		A52A7DC1A64A0142FFC6AAC3 /* BaseTest.swift in Sources */ = {isa = PBXBuildFile; fileRef = A52A723849AED2DCDE7E4FF2 /* BaseTest.swift */; };
		A52A7E3274619AAB464D5811 /* coffee_maker_ios.rhn in Resources */ = {isa = PBXBuildFile; fileRef = 1E5B7AD92800ADCD00F8BDDB /* coffee_maker_ios.rhn */; };
		A52A7EA2853BFAF79C27BA3C /* test_within_context_es.wav in Resources */ = {isa = PBXBuildFile; fileRef = A52A77ACCD531D4E0B8C35F7 /* test_within_context_es.wav */; };
		A52A7F6A192406F6C0CB47A2 /* coffee_maker_linux.rhn in Resources */ = {isa = PBXBuildFile; fileRef = A52A75EF86A1DA35D014A74D /* coffee_maker_linux.rhn */; };
		B6D75F72F9368E5A4D8A47F7 /* libPods-RhinoAppTest.a in Frameworks */ = {isa = PBXBuildFile; fileRef = 5C8B41DCF24254E027C2B30C /* libPods-RhinoAppTest.a */; };
/* End PBXBuildFile section */

/* Begin PBXContainerItemProxy section */
		1E1A57EF27CEC84000A05F37 /* PBXContainerItemProxy */ = {
			isa = PBXContainerItemProxy;
			containerPortal = 1E1A57C627CEC84000A05F37 /* Project object */;
			proxyType = 1;
			remoteGlobalIDString = 1E1A57CD27CEC84000A05F37;
			remoteInfo = RhinoAppTest;
		};
		1E5B7ABE2800ABDE00F8BDDB /* PBXContainerItemProxy */ = {
			isa = PBXContainerItemProxy;
			containerPortal = 1E1A57C627CEC84000A05F37 /* Project object */;
			proxyType = 1;
			remoteGlobalIDString = 1E1A57CD27CEC84000A05F37;
			remoteInfo = RhinoAppTest;
		};
/* End PBXContainerItemProxy section */

/* Begin PBXFileReference section */
		02B14C84286E37100086CA40 /* sumāto_shōmei_ios.rhn */ = {isa = PBXFileReference; lastKnownFileType = file; name = "sumāto_shōmei_ios.rhn"; path = "../../../../resources/contexts_ja/ios/sumāto_shōmei_ios.rhn"; sourceTree = "<group>"; };
		18FAB8FC8D086FF2500A0A6A /* Pods-RhinoAppTestUITests.debug.xcconfig */ = {isa = PBXFileReference; includeInIndex = 1; lastKnownFileType = text.xcconfig; name = "Pods-RhinoAppTestUITests.debug.xcconfig"; path = "Target Support Files/Pods-RhinoAppTestUITests/Pods-RhinoAppTestUITests.debug.xcconfig"; sourceTree = "<group>"; };
		1E1A57CE27CEC84000A05F37 /* RhinoAppTest.app */ = {isa = PBXFileReference; explicitFileType = wrapper.application; includeInIndex = 0; path = RhinoAppTest.app; sourceTree = BUILT_PRODUCTS_DIR; };
		1E1A57D127CEC84000A05F37 /* AppDelegate.swift */ = {isa = PBXFileReference; lastKnownFileType = sourcecode.swift; path = AppDelegate.swift; sourceTree = "<group>"; };
		1E1A57D527CEC84000A05F37 /* ViewController.swift */ = {isa = PBXFileReference; lastKnownFileType = sourcecode.swift; path = ViewController.swift; sourceTree = "<group>"; };
		1E1A57D827CEC84000A05F37 /* Base */ = {isa = PBXFileReference; lastKnownFileType = file.storyboard; name = Base; path = Base.lproj/Main.storyboard; sourceTree = "<group>"; };
		1E1A57DA27CEC84000A05F37 /* Assets.xcassets */ = {isa = PBXFileReference; lastKnownFileType = folder.assetcatalog; path = Assets.xcassets; sourceTree = "<group>"; };
		1E1A57DD27CEC84000A05F37 /* Base */ = {isa = PBXFileReference; lastKnownFileType = file.storyboard; name = Base; path = Base.lproj/LaunchScreen.storyboard; sourceTree = "<group>"; };
		1E1A57DF27CEC84000A05F37 /* Info.plist */ = {isa = PBXFileReference; lastKnownFileType = text.plist.xml; path = Info.plist; sourceTree = "<group>"; };
		1E1A57EE27CEC84000A05F37 /* RhinoAppTestUITests.xctest */ = {isa = PBXFileReference; explicitFileType = wrapper.cfbundle; includeInIndex = 0; path = RhinoAppTestUITests.xctest; sourceTree = BUILT_PRODUCTS_DIR; };
		1E1A57F227CEC84000A05F37 /* RhinoAppTestUITests.swift */ = {isa = PBXFileReference; lastKnownFileType = sourcecode.swift; path = RhinoAppTestUITests.swift; sourceTree = "<group>"; };
		1E1A580127CEC99400A05F37 /* Info.plist */ = {isa = PBXFileReference; lastKnownFileType = text.plist.xml; path = Info.plist; sourceTree = "<group>"; };
		1E1A581A27CECE1B00A05F37 /* rhino_params_de.pv */ = {isa = PBXFileReference; lastKnownFileType = file; name = rhino_params_de.pv; path = ../../../../lib/common/rhino_params_de.pv; sourceTree = "<group>"; };
		1E1A581B27CECE1B00A05F37 /* rhino_params_es.pv */ = {isa = PBXFileReference; lastKnownFileType = file; name = rhino_params_es.pv; path = ../../../../lib/common/rhino_params_es.pv; sourceTree = "<group>"; };
		1E1A581C27CECE1B00A05F37 /* rhino_params.pv */ = {isa = PBXFileReference; lastKnownFileType = file; name = rhino_params.pv; path = ../../../../lib/common/rhino_params.pv; sourceTree = "<group>"; };
		1E1A581D27CECE1B00A05F37 /* rhino_params_fr.pv */ = {isa = PBXFileReference; lastKnownFileType = file; name = rhino_params_fr.pv; path = ../../../../lib/common/rhino_params_fr.pv; sourceTree = "<group>"; };
		1E1A582A27CECE6900A05F37 /* test_within_context.wav */ = {isa = PBXFileReference; lastKnownFileType = audio.wav; name = test_within_context.wav; path = ../../../../resources/audio_samples/test_within_context.wav; sourceTree = "<group>"; };
		1E1A582B27CECE6900A05F37 /* test_out_of_context.wav */ = {isa = PBXFileReference; lastKnownFileType = audio.wav; name = test_out_of_context.wav; path = ../../../../resources/audio_samples/test_out_of_context.wav; sourceTree = "<group>"; };
		1E5B7AD52800ABDE00F8BDDB /* PerformanceTest.xctest */ = {isa = PBXFileReference; explicitFileType = wrapper.cfbundle; includeInIndex = 0; path = PerformanceTest.xctest; sourceTree = BUILT_PRODUCTS_DIR; };
		1E5B7AD62800AC2700F8BDDB /* PerformanceTest.swift */ = {isa = PBXFileReference; lastKnownFileType = sourcecode.swift; path = PerformanceTest.swift; sourceTree = "<group>"; };
		1E5B7AD82800AC8F00F8BDDB /* Info.plist */ = {isa = PBXFileReference; lastKnownFileType = text.plist.xml; path = Info.plist; sourceTree = "<group>"; };
		1E5B7AD92800ADCD00F8BDDB /* coffee_maker_ios.rhn */ = {isa = PBXFileReference; lastKnownFileType = file; name = coffee_maker_ios.rhn; path = ../../../../resources/contexts/ios/coffee_maker_ios.rhn; sourceTree = "<group>"; };
		1E5B7ADB2800ADD800F8BDDB /* test_within_context.wav */ = {isa = PBXFileReference; lastKnownFileType = audio.wav; name = test_within_context.wav; path = ../../../../resources/audio_samples/test_within_context.wav; sourceTree = "<group>"; };
		2B1742C8ACAFE68554B2DFD4 /* Pods-RhinoAppTest.release.xcconfig */ = {isa = PBXFileReference; includeInIndex = 1; lastKnownFileType = text.xcconfig; name = "Pods-RhinoAppTest.release.xcconfig"; path = "Target Support Files/Pods-RhinoAppTest/Pods-RhinoAppTest.release.xcconfig"; sourceTree = "<group>"; };
		5AA66651E907F4A1B2E5D84A /* libPods-RhinoAppTestUITests.a */ = {isa = PBXFileReference; explicitFileType = archive.ar; includeInIndex = 0; path = "libPods-RhinoAppTestUITests.a"; sourceTree = BUILT_PRODUCTS_DIR; };
		5C8B41DCF24254E027C2B30C /* libPods-RhinoAppTest.a */ = {isa = PBXFileReference; explicitFileType = archive.ar; includeInIndex = 0; path = "libPods-RhinoAppTest.a"; sourceTree = BUILT_PRODUCTS_DIR; };
		5D3D0649948C17F6FF2875C0 /* Pods-RhinoAppTestUITests.release.xcconfig */ = {isa = PBXFileReference; includeInIndex = 1; lastKnownFileType = text.xcconfig; name = "Pods-RhinoAppTestUITests.release.xcconfig"; path = "Target Support Files/Pods-RhinoAppTestUITests/Pods-RhinoAppTestUITests.release.xcconfig"; sourceTree = "<group>"; };
		900FCBC5CECD2C71CA548677 /* Pods-RhinoAppTest.debug.xcconfig */ = {isa = PBXFileReference; includeInIndex = 1; lastKnownFileType = text.xcconfig; name = "Pods-RhinoAppTest.debug.xcconfig"; path = "Target Support Files/Pods-RhinoAppTest/Pods-RhinoAppTest.debug.xcconfig"; sourceTree = "<group>"; };
		A52A7015B323CF213DD60612 /* rhino_params_ko.pv */ = {isa = PBXFileReference; lastKnownFileType = file.pv; name = rhino_params_ko.pv; path = ../../../../lib/common/rhino_params_ko.pv; sourceTree = "<group>"; };
		A52A71E45C44ED0CDF0FAA2D /* test_within_context_fr.wav */ = {isa = PBXFileReference; lastKnownFileType = audio.wav; name = test_within_context_fr.wav; path = ../../../../resources/audio_samples/test_within_context_fr.wav; sourceTree = "<group>"; };
		A52A71E731006092EDF49A1B /* rhino_params_it.pv */ = {isa = PBXFileReference; lastKnownFileType = file.pv; name = rhino_params_it.pv; path = ../../../../lib/common/rhino_params_it.pv; sourceTree = "<group>"; };
		A52A723849AED2DCDE7E4FF2 /* BaseTest.swift */ = {isa = PBXFileReference; fileEncoding = 4; lastKnownFileType = sourcecode.swift; path = BaseTest.swift; sourceTree = "<group>"; };
		A52A7340569E0557708350E3 /* test_within_context_ko.wav */ = {isa = PBXFileReference; lastKnownFileType = audio.wav; name = test_within_context_ko.wav; path = ../../../../resources/audio_samples/test_within_context_ko.wav; sourceTree = "<group>"; };
		A52A7380AEF46FAD883B6458 /* test_out_of_context_pt.wav */ = {isa = PBXFileReference; lastKnownFileType = audio.wav; name = test_out_of_context_pt.wav; path = ../../../../resources/audio_samples/test_out_of_context_pt.wav; sourceTree = "<group>"; };
		A52A74A85E9B99A780E3F73C /* rhino_params_ja.pv */ = {isa = PBXFileReference; lastKnownFileType = file.pv; name = rhino_params_ja.pv; path = ../../../../lib/common/rhino_params_ja.pv; sourceTree = "<group>"; };
		A52A75735B7C28702793B60F /* test_out_of_context_fr.wav */ = {isa = PBXFileReference; lastKnownFileType = audio.wav; name = test_out_of_context_fr.wav; path = ../../../../resources/audio_samples/test_out_of_context_fr.wav; sourceTree = "<group>"; };
		A52A7575321E88D9EB1C821F /* test_out_of_context_es.wav */ = {isa = PBXFileReference; lastKnownFileType = audio.wav; name = test_out_of_context_es.wav; path = ../../../../resources/audio_samples/test_out_of_context_es.wav; sourceTree = "<group>"; };
		A52A7587094AF1759B64CB75 /* illuminazione_ios.rhn */ = {isa = PBXFileReference; lastKnownFileType = file.rhn; name = illuminazione_ios.rhn; path = ../../../../resources/contexts_it/ios/illuminazione_ios.rhn; sourceTree = "<group>"; };
		A52A75D0A1E0398CEA568FAC /* smart_lighting_ios.rhn */ = {isa = PBXFileReference; lastKnownFileType = file.rhn; name = smart_lighting_ios.rhn; path = ../../../../resources/contexts/ios/smart_lighting_ios.rhn; sourceTree = "<group>"; };
		A52A75EF86A1DA35D014A74D /* coffee_maker_linux.rhn */ = {isa = PBXFileReference; lastKnownFileType = file.rhn; name = coffee_maker_linux.rhn; path = ../../../../resources/contexts/linux/coffee_maker_linux.rhn; sourceTree = "<group>"; };
		A52A766D48FAA7438AB84582 /* seumateu_jomyeong_ios.rhn */ = {isa = PBXFileReference; lastKnownFileType = file.rhn; name = seumateu_jomyeong_ios.rhn; path = ../../../../resources/contexts_ko/ios/seumateu_jomyeong_ios.rhn; sourceTree = "<group>"; };
		A52A770C0870723A5D907546 /* test_within_context_pt.wav */ = {isa = PBXFileReference; lastKnownFileType = audio.wav; name = test_within_context_pt.wav; path = ../../../../resources/audio_samples/test_within_context_pt.wav; sourceTree = "<group>"; };
		A52A77ACCD531D4E0B8C35F7 /* test_within_context_es.wav */ = {isa = PBXFileReference; lastKnownFileType = audio.wav; name = test_within_context_es.wav; path = ../../../../resources/audio_samples/test_within_context_es.wav; sourceTree = "<group>"; };
		A52A77BE24D51566250F0AA6 /* iluminación_inteligente_ios.rhn */ = {isa = PBXFileReference; lastKnownFileType = file.rhn; name = "iluminación_inteligente_ios.rhn"; path = "../../../../resources/contexts_es/ios/iluminación_inteligente_ios.rhn"; sourceTree = "<group>"; };
		A52A77CC3B85357E69958291 /* test_out_of_context_it.wav */ = {isa = PBXFileReference; lastKnownFileType = audio.wav; name = test_out_of_context_it.wav; path = ../../../../resources/audio_samples/test_out_of_context_it.wav; sourceTree = "<group>"; };
		A52A78910DF7D196A60BBB1A /* test_out_of_context_de.wav */ = {isa = PBXFileReference; lastKnownFileType = audio.wav; name = test_out_of_context_de.wav; path = ../../../../resources/audio_samples/test_out_of_context_de.wav; sourceTree = "<group>"; };
		A52A798584A71C00A836BD0C /* test_within_context_de.wav */ = {isa = PBXFileReference; lastKnownFileType = audio.wav; name = test_within_context_de.wav; path = ../../../../resources/audio_samples/test_within_context_de.wav; sourceTree = "<group>"; };
		A52A7AAF5371E4E4D6C44FA3 /* rhino_params_pt.pv */ = {isa = PBXFileReference; lastKnownFileType = file.pv; name = rhino_params_pt.pv; path = ../../../../lib/common/rhino_params_pt.pv; sourceTree = "<group>"; };
		A52A7ACF80691513299515C9 /* RhinoLanguageTests.swift */ = {isa = PBXFileReference; fileEncoding = 4; lastKnownFileType = sourcecode.swift; path = RhinoLanguageTests.swift; sourceTree = "<group>"; };
		A52A7B23940A40444B02FB38 /* test_within_context_it.wav */ = {isa = PBXFileReference; lastKnownFileType = audio.wav; name = test_within_context_it.wav; path = ../../../../resources/audio_samples/test_within_context_it.wav; sourceTree = "<group>"; };
		A52A7C317172297967CAF095 /* test_within_context_ja.wav */ = {isa = PBXFileReference; lastKnownFileType = audio.wav; name = test_within_context_ja.wav; path = ../../../../resources/audio_samples/test_within_context_ja.wav; sourceTree = "<group>"; };
		A52A7CAA12CF53CD96D8956C /* luz_inteligente_ios.rhn */ = {isa = PBXFileReference; lastKnownFileType = file.rhn; name = luz_inteligente_ios.rhn; path = ../../../../resources/contexts_pt/ios/luz_inteligente_ios.rhn; sourceTree = "<group>"; };
		A52A7D5B84DC9166971ACC2E /* beleuchtung_ios.rhn */ = {isa = PBXFileReference; lastKnownFileType = file.rhn; name = beleuchtung_ios.rhn; path = ../../../../resources/contexts_de/ios/beleuchtung_ios.rhn; sourceTree = "<group>"; };
		A52A7D7AB80BFE9C930E958E /* éclairage_intelligent_ios.rhn */ = {isa = PBXFileReference; lastKnownFileType = file.rhn; name = "éclairage_intelligent_ios.rhn"; path = "../../../../resources/contexts_fr/ios/éclairage_intelligent_ios.rhn"; sourceTree = "<group>"; };
		A52A7D89F934E536C65197FA /* test_out_of_context_ko.wav */ = {isa = PBXFileReference; lastKnownFileType = audio.wav; name = test_out_of_context_ko.wav; path = ../../../../resources/audio_samples/test_out_of_context_ko.wav; sourceTree = "<group>"; };
		A52A7FC109142E4DE41A9E79 /* test_out_of_context_ja.wav */ = {isa = PBXFileReference; lastKnownFileType = audio.wav; name = test_out_of_context_ja.wav; path = ../../../../resources/audio_samples/test_out_of_context_ja.wav; sourceTree = "<group>"; };
		F10FFBFDE9AD2034FA8C0429 /* Pods-PerformanceTest.debug.xcconfig */ = {isa = PBXFileReference; includeInIndex = 1; lastKnownFileType = text.xcconfig; name = "Pods-PerformanceTest.debug.xcconfig"; path = "Target Support Files/Pods-PerformanceTest/Pods-PerformanceTest.debug.xcconfig"; sourceTree = "<group>"; };
		F679D59C9F02B60A47B90200 /* Pods-PerformanceTest.release.xcconfig */ = {isa = PBXFileReference; includeInIndex = 1; lastKnownFileType = text.xcconfig; name = "Pods-PerformanceTest.release.xcconfig"; path = "Target Support Files/Pods-PerformanceTest/Pods-PerformanceTest.release.xcconfig"; sourceTree = "<group>"; };
		F7F2642FE16C549581638C57 /* libPods-PerformanceTest.a */ = {isa = PBXFileReference; explicitFileType = archive.ar; includeInIndex = 0; path = "libPods-PerformanceTest.a"; sourceTree = BUILT_PRODUCTS_DIR; };
/* End PBXFileReference section */

/* Begin PBXFrameworksBuildPhase section */
		1E1A57CB27CEC84000A05F37 /* Frameworks */ = {
			isa = PBXFrameworksBuildPhase;
			buildActionMask = 2147483647;
			files = (
				B6D75F72F9368E5A4D8A47F7 /* libPods-RhinoAppTest.a in Frameworks */,
			);
			runOnlyForDeploymentPostprocessing = 0;
		};
		1E1A57EB27CEC84000A05F37 /* Frameworks */ = {
			isa = PBXFrameworksBuildPhase;
			buildActionMask = 2147483647;
			files = (
				3C77A1FF7E9EE1E6942527E8 /* libPods-RhinoAppTestUITests.a in Frameworks */,
			);
			runOnlyForDeploymentPostprocessing = 0;
		};
		1E5B7AC22800ABDE00F8BDDB /* Frameworks */ = {
			isa = PBXFrameworksBuildPhase;
			buildActionMask = 2147483647;
			files = (
				3D73D7DE0BB4828FC4E1B3C2 /* libPods-PerformanceTest.a in Frameworks */,
			);
			runOnlyForDeploymentPostprocessing = 0;
		};
/* End PBXFrameworksBuildPhase section */

/* Begin PBXGroup section */
		1E1A57C527CEC84000A05F37 = {
			isa = PBXGroup;
			children = (
				1E5B7ABB2800ABC600F8BDDB /* PerformanceTest */,
				1E1A57D027CEC84000A05F37 /* RhinoAppTest */,
				1E1A57F127CEC84000A05F37 /* RhinoAppTestUITests */,
				1E1A57CF27CEC84000A05F37 /* Products */,
				286CC2DF6F709F2C33610374 /* Pods */,
				DAAB5662628E2FB49E4EDDC1 /* Frameworks */,
			);
			sourceTree = "<group>";
		};
		1E1A57CF27CEC84000A05F37 /* Products */ = {
			isa = PBXGroup;
			children = (
				1E1A57CE27CEC84000A05F37 /* RhinoAppTest.app */,
				1E1A57EE27CEC84000A05F37 /* RhinoAppTestUITests.xctest */,
				1E5B7AD52800ABDE00F8BDDB /* PerformanceTest.xctest */,
			);
			name = Products;
			sourceTree = "<group>";
		};
		1E1A57D027CEC84000A05F37 /* RhinoAppTest */ = {
			isa = PBXGroup;
			children = (
				1E1A57D127CEC84000A05F37 /* AppDelegate.swift */,
				1E1A57D527CEC84000A05F37 /* ViewController.swift */,
				1E1A57D727CEC84000A05F37 /* Main.storyboard */,
				1E1A57DA27CEC84000A05F37 /* Assets.xcassets */,
				1E1A57DC27CEC84000A05F37 /* LaunchScreen.storyboard */,
				1E1A57DF27CEC84000A05F37 /* Info.plist */,
			);
			path = RhinoAppTest;
			sourceTree = "<group>";
		};
		1E1A57F127CEC84000A05F37 /* RhinoAppTestUITests */ = {
			isa = PBXGroup;
			children = (
				1E1A581627CECDE400A05F37 /* test_resources */,
				1E1A580127CEC99400A05F37 /* Info.plist */,
				1E1A57F227CEC84000A05F37 /* RhinoAppTestUITests.swift */,
				A52A723849AED2DCDE7E4FF2 /* BaseTest.swift */,
				A52A7ACF80691513299515C9 /* RhinoLanguageTests.swift */,
			);
			path = RhinoAppTestUITests;
			sourceTree = "<group>";
		};
		1E1A581627CECDE400A05F37 /* test_resources */ = {
			isa = PBXGroup;
			children = (
				1E1A581927CECE0300A05F37 /* audio_samples */,
				1E1A581827CECDFC00A05F37 /* context_files */,
				1E1A581727CECDF300A05F37 /* model_files */,
			);
			name = test_resources;
			sourceTree = "<group>";
		};
		1E1A581727CECDF300A05F37 /* model_files */ = {
			isa = PBXGroup;
			children = (
				1E1A581A27CECE1B00A05F37 /* rhino_params_de.pv */,
				1E1A581B27CECE1B00A05F37 /* rhino_params_es.pv */,
				1E1A581D27CECE1B00A05F37 /* rhino_params_fr.pv */,
				1E1A581C27CECE1B00A05F37 /* rhino_params.pv */,
				A52A71E731006092EDF49A1B /* rhino_params_it.pv */,
				A52A74A85E9B99A780E3F73C /* rhino_params_ja.pv */,
				A52A7015B323CF213DD60612 /* rhino_params_ko.pv */,
				A52A7AAF5371E4E4D6C44FA3 /* rhino_params_pt.pv */,
			);
			name = model_files;
			sourceTree = "<group>";
		};
		1E1A581827CECDFC00A05F37 /* context_files */ = {
			isa = PBXGroup;
			children = (
				02B14C84286E37100086CA40 /* sumāto_shōmei_ios.rhn */,
				A52A75D0A1E0398CEA568FAC /* smart_lighting_ios.rhn */,
				A52A7D5B84DC9166971ACC2E /* beleuchtung_ios.rhn */,
				A52A77BE24D51566250F0AA6 /* iluminación_inteligente_ios.rhn */,
				A52A7D7AB80BFE9C930E958E /* éclairage_intelligent_ios.rhn */,
				A52A7587094AF1759B64CB75 /* illuminazione_ios.rhn */,
				A52A766D48FAA7438AB84582 /* seumateu_jomyeong_ios.rhn */,
				A52A7CAA12CF53CD96D8956C /* luz_inteligente_ios.rhn */,
				A52A75EF86A1DA35D014A74D /* coffee_maker_linux.rhn */,
			);
			name = context_files;
			sourceTree = "<group>";
		};
		1E1A581927CECE0300A05F37 /* audio_samples */ = {
			isa = PBXGroup;
			children = (
				1E1A582B27CECE6900A05F37 /* test_out_of_context.wav */,
				1E1A582A27CECE6900A05F37 /* test_within_context.wav */,
				A52A78910DF7D196A60BBB1A /* test_out_of_context_de.wav */,
				A52A7575321E88D9EB1C821F /* test_out_of_context_es.wav */,
				A52A75735B7C28702793B60F /* test_out_of_context_fr.wav */,
				A52A77CC3B85357E69958291 /* test_out_of_context_it.wav */,
				A52A7FC109142E4DE41A9E79 /* test_out_of_context_ja.wav */,
				A52A7D89F934E536C65197FA /* test_out_of_context_ko.wav */,
				A52A7380AEF46FAD883B6458 /* test_out_of_context_pt.wav */,
				A52A798584A71C00A836BD0C /* test_within_context_de.wav */,
				A52A77ACCD531D4E0B8C35F7 /* test_within_context_es.wav */,
				A52A71E45C44ED0CDF0FAA2D /* test_within_context_fr.wav */,
				A52A7B23940A40444B02FB38 /* test_within_context_it.wav */,
				A52A7C317172297967CAF095 /* test_within_context_ja.wav */,
				A52A7340569E0557708350E3 /* test_within_context_ko.wav */,
				A52A770C0870723A5D907546 /* test_within_context_pt.wav */,
			);
			name = audio_samples;
			sourceTree = "<group>";
		};
		1E5B7ABB2800ABC600F8BDDB /* PerformanceTest */ = {
			isa = PBXGroup;
			children = (
				1E5B7AD62800AC2700F8BDDB /* PerformanceTest.swift */,
				1E5B7AD82800AC8F00F8BDDB /* Info.plist */,
				1E5B7AD92800ADCD00F8BDDB /* coffee_maker_ios.rhn */,
				1E5B7ADB2800ADD800F8BDDB /* test_within_context.wav */,
			);
			path = PerformanceTest;
			sourceTree = "<group>";
		};
		286CC2DF6F709F2C33610374 /* Pods */ = {
			isa = PBXGroup;
			children = (
				900FCBC5CECD2C71CA548677 /* Pods-RhinoAppTest.debug.xcconfig */,
				2B1742C8ACAFE68554B2DFD4 /* Pods-RhinoAppTest.release.xcconfig */,
				18FAB8FC8D086FF2500A0A6A /* Pods-RhinoAppTestUITests.debug.xcconfig */,
				5D3D0649948C17F6FF2875C0 /* Pods-RhinoAppTestUITests.release.xcconfig */,
				F10FFBFDE9AD2034FA8C0429 /* Pods-PerformanceTest.debug.xcconfig */,
				F679D59C9F02B60A47B90200 /* Pods-PerformanceTest.release.xcconfig */,
			);
			path = Pods;
			sourceTree = "<group>";
		};
		DAAB5662628E2FB49E4EDDC1 /* Frameworks */ = {
			isa = PBXGroup;
			children = (
				5C8B41DCF24254E027C2B30C /* libPods-RhinoAppTest.a */,
				F7F2642FE16C549581638C57 /* libPods-PerformanceTest.a */,
				5AA66651E907F4A1B2E5D84A /* libPods-RhinoAppTestUITests.a */,
			);
			name = Frameworks;
			sourceTree = "<group>";
		};
/* End PBXGroup section */

/* Begin PBXNativeTarget section */
		1E1A57CD27CEC84000A05F37 /* RhinoAppTest */ = {
			isa = PBXNativeTarget;
			buildConfigurationList = 1E1A57F827CEC84000A05F37 /* Build configuration list for PBXNativeTarget "RhinoAppTest" */;
			buildPhases = (
				0F5F05EF9B768DF99D50E11E /* [CP] Check Pods Manifest.lock */,
				1E1A57CA27CEC84000A05F37 /* Sources */,
				1E1A57CB27CEC84000A05F37 /* Frameworks */,
				1E1A57CC27CEC84000A05F37 /* Resources */,
				67A615C483290DE603AA3CCF /* [CP] Embed Pods Frameworks */,
				EC659A1D531851ED5FBA02A3 /* [CP] Copy Pods Resources */,
			);
			buildRules = (
			);
			dependencies = (
			);
			name = RhinoAppTest;
			productName = RhinoAppTest;
			productReference = 1E1A57CE27CEC84000A05F37 /* RhinoAppTest.app */;
			productType = "com.apple.product-type.application";
		};
		1E1A57ED27CEC84000A05F37 /* RhinoAppTestUITests */ = {
			isa = PBXNativeTarget;
			buildConfigurationList = 1E1A57FE27CEC84000A05F37 /* Build configuration list for PBXNativeTarget "RhinoAppTestUITests" */;
			buildPhases = (
				CA6B1DE258959CB94690D59D /* [CP] Check Pods Manifest.lock */,
				1E1A57EA27CEC84000A05F37 /* Sources */,
				1E1A57EB27CEC84000A05F37 /* Frameworks */,
				1E1A57EC27CEC84000A05F37 /* Resources */,
				CEE3623C1AD3D9A2CC59F1BF /* [CP] Embed Pods Frameworks */,
				2735EB327D16B1BB02AA2174 /* [CP] Copy Pods Resources */,
			);
			buildRules = (
			);
			dependencies = (
				1E1A57F027CEC84000A05F37 /* PBXTargetDependency */,
			);
			name = RhinoAppTestUITests;
			productName = RhinoAppTestUITests;
			productReference = 1E1A57EE27CEC84000A05F37 /* RhinoAppTestUITests.xctest */;
			productType = "com.apple.product-type.bundle.ui-testing";
		};
		1E5B7ABC2800ABDE00F8BDDB /* PerformanceTest */ = {
			isa = PBXNativeTarget;
			buildConfigurationList = 1E5B7AD22800ABDE00F8BDDB /* Build configuration list for PBXNativeTarget "PerformanceTest" */;
			buildPhases = (
				1E5B7ABF2800ABDE00F8BDDB /* [CP] Check Pods Manifest.lock */,
				1E5B7AC02800ABDE00F8BDDB /* Sources */,
				1E5B7AC22800ABDE00F8BDDB /* Frameworks */,
				1E5B7AC42800ABDE00F8BDDB /* Resources */,
				1E5B7AD02800ABDE00F8BDDB /* [CP] Embed Pods Frameworks */,
				1E5B7AD12800ABDE00F8BDDB /* [CP] Copy Pods Resources */,
			);
			buildRules = (
			);
			dependencies = (
				1E5B7ABD2800ABDE00F8BDDB /* PBXTargetDependency */,
			);
			name = PerformanceTest;
			productName = RhinoAppTestUITests;
			productReference = 1E5B7AD52800ABDE00F8BDDB /* PerformanceTest.xctest */;
			productType = "com.apple.product-type.bundle.ui-testing";
		};
/* End PBXNativeTarget section */

/* Begin PBXProject section */
		1E1A57C627CEC84000A05F37 /* Project object */ = {
			isa = PBXProject;
			attributes = {
				BuildIndependentTargetsInParallel = 1;
				LastSwiftUpdateCheck = 1320;
				LastUpgradeCheck = 1320;
				TargetAttributes = {
					1E1A57CD27CEC84000A05F37 = {
						CreatedOnToolsVersion = 13.2.1;
					};
					1E1A57ED27CEC84000A05F37 = {
						CreatedOnToolsVersion = 13.2.1;
						TestTargetID = 1E1A57CD27CEC84000A05F37;
					};
					1E5B7ABC2800ABDE00F8BDDB = {
						TestTargetID = 1E1A57CD27CEC84000A05F37;
					};
				};
			};
			buildConfigurationList = 1E1A57C927CEC84000A05F37 /* Build configuration list for PBXProject "RhinoAppTest" */;
			compatibilityVersion = "Xcode 13.0";
			developmentRegion = en;
			hasScannedForEncodings = 0;
			knownRegions = (
				en,
				Base,
			);
			mainGroup = 1E1A57C527CEC84000A05F37;
			productRefGroup = 1E1A57CF27CEC84000A05F37 /* Products */;
			projectDirPath = "";
			projectRoot = "";
			targets = (
				1E1A57CD27CEC84000A05F37 /* RhinoAppTest */,
				1E1A57ED27CEC84000A05F37 /* RhinoAppTestUITests */,
				1E5B7ABC2800ABDE00F8BDDB /* PerformanceTest */,
			);
		};
/* End PBXProject section */

/* Begin PBXResourcesBuildPhase section */
		1E1A57CC27CEC84000A05F37 /* Resources */ = {
			isa = PBXResourcesBuildPhase;
			buildActionMask = 2147483647;
			files = (
				1E1A57DE27CEC84000A05F37 /* LaunchScreen.storyboard in Resources */,
				1E1A57DB27CEC84000A05F37 /* Assets.xcassets in Resources */,
				1E1A57D927CEC84000A05F37 /* Main.storyboard in Resources */,
			);
			runOnlyForDeploymentPostprocessing = 0;
		};
		1E1A57EC27CEC84000A05F37 /* Resources */ = {
			isa = PBXResourcesBuildPhase;
			buildActionMask = 2147483647;
			files = (
				1E1A582127CECE1B00A05F37 /* rhino_params_fr.pv in Resources */,
				1E1A582D27CECE6900A05F37 /* test_out_of_context.wav in Resources */,
				1E1A582C27CECE6900A05F37 /* test_within_context.wav in Resources */,
				1E1A581F27CECE1B00A05F37 /* rhino_params_es.pv in Resources */,
				1E1A582027CECE1B00A05F37 /* rhino_params.pv in Resources */,
				1E1A581E27CECE1B00A05F37 /* rhino_params_de.pv in Resources */,
				A52A74B8508C612771C5C93D /* test_out_of_context_de.wav in Resources */,
				A52A7A0EE912254426D840F6 /* test_out_of_context_es.wav in Resources */,
				A52A765EAE3B24860A29043F /* test_out_of_context_fr.wav in Resources */,
				A52A7114561B04F3590BB768 /* test_out_of_context_it.wav in Resources */,
				A52A75AB462A6867C9727E36 /* test_out_of_context_ja.wav in Resources */,
				A52A7426A2CCB68C3F318B93 /* test_out_of_context_ko.wav in Resources */,
				A52A77047368BCAF03F4AC7E /* test_out_of_context_pt.wav in Resources */,
				A52A745C6F69FD0460301204 /* test_within_context_de.wav in Resources */,
				A52A7EA2853BFAF79C27BA3C /* test_within_context_es.wav in Resources */,
				A52A76B187489DF4FFAD2F39 /* test_within_context_fr.wav in Resources */,
				A52A7BCE7E59E6149B9AC7E3 /* test_within_context_it.wav in Resources */,
				A52A70B2FE21B957B2E78C2F /* test_within_context_ja.wav in Resources */,
				A52A774600DC8C5E6D594633 /* test_within_context_ko.wav in Resources */,
				A52A7B7581570ED07581B18D /* test_within_context_pt.wav in Resources */,
				A52A72B92B4BB59C7390A530 /* smart_lighting_ios.rhn in Resources */,
				A52A721679D3846A82FDB9C1 /* beleuchtung_ios.rhn in Resources */,
				A52A73812314C22000D4B475 /* iluminación_inteligente_ios.rhn in Resources */,
				A52A747A5189CD5DC58C8F42 /* éclairage_intelligent_ios.rhn in Resources */,
				A52A7A627A77D9FA5B08BD4E /* illuminazione_ios.rhn in Resources */,
				A52A77158F4BF6E7BAA65B89 /* seumateu_jomyeong_ios.rhn in Resources */,
				02B14C85286E37100086CA40 /* sumāto_shōmei_ios.rhn in Resources */,
				A52A7177277E09FDB90873C8 /* luz_inteligente_ios.rhn in Resources */,
				A52A76A9ACE212D5A3952749 /* rhino_params_it.pv in Resources */,
				A52A758F74FC7EE61FE51665 /* rhino_params_ja.pv in Resources */,
				A52A7694C5D7357377595DC8 /* rhino_params_ko.pv in Resources */,
				A52A77762B113F4CE575C58D /* rhino_params_pt.pv in Resources */,
				A52A7E3274619AAB464D5811 /* coffee_maker_ios.rhn in Resources */,
				A52A7F6A192406F6C0CB47A2 /* coffee_maker_linux.rhn in Resources */,
			);
			runOnlyForDeploymentPostprocessing = 0;
		};
		1E5B7AC42800ABDE00F8BDDB /* Resources */ = {
			isa = PBXResourcesBuildPhase;
			buildActionMask = 2147483647;
			files = (
				1E5B7ADA2800ADCD00F8BDDB /* coffee_maker_ios.rhn in Resources */,
				1E5B7ADC2800ADD800F8BDDB /* test_within_context.wav in Resources */,
			);
			runOnlyForDeploymentPostprocessing = 0;
		};
/* End PBXResourcesBuildPhase section */

/* Begin PBXShellScriptBuildPhase section */
		0F5F05EF9B768DF99D50E11E /* [CP] Check Pods Manifest.lock */ = {
			isa = PBXShellScriptBuildPhase;
			buildActionMask = 2147483647;
			files = (
			);
			inputFileListPaths = (
			);
			inputPaths = (
				"${PODS_PODFILE_DIR_PATH}/Podfile.lock",
				"${PODS_ROOT}/Manifest.lock",
			);
			name = "[CP] Check Pods Manifest.lock";
			outputFileListPaths = (
			);
			outputPaths = (
				"$(DERIVED_FILE_DIR)/Pods-RhinoAppTest-checkManifestLockResult.txt",
			);
			runOnlyForDeploymentPostprocessing = 0;
			shellPath = /bin/sh;
			shellScript = "diff \"${PODS_PODFILE_DIR_PATH}/Podfile.lock\" \"${PODS_ROOT}/Manifest.lock\" > /dev/null\nif [ $? != 0 ] ; then\n    # print error to STDERR\n    echo \"error: The sandbox is not in sync with the Podfile.lock. Run 'pod install' or update your CocoaPods installation.\" >&2\n    exit 1\nfi\n# This output is used by Xcode 'outputs' to avoid re-running this script phase.\necho \"SUCCESS\" > \"${SCRIPT_OUTPUT_FILE_0}\"\n";
			showEnvVarsInLog = 0;
		};
		1E5B7ABF2800ABDE00F8BDDB /* [CP] Check Pods Manifest.lock */ = {
			isa = PBXShellScriptBuildPhase;
			buildActionMask = 2147483647;
			files = (
			);
			inputFileListPaths = (
			);
			inputPaths = (
				"${PODS_PODFILE_DIR_PATH}/Podfile.lock",
				"${PODS_ROOT}/Manifest.lock",
			);
			name = "[CP] Check Pods Manifest.lock";
			outputFileListPaths = (
			);
			outputPaths = (
				"$(DERIVED_FILE_DIR)/Pods-PerformanceTest-checkManifestLockResult.txt",
			);
			runOnlyForDeploymentPostprocessing = 0;
			shellPath = /bin/sh;
			shellScript = "diff \"${PODS_PODFILE_DIR_PATH}/Podfile.lock\" \"${PODS_ROOT}/Manifest.lock\" > /dev/null\nif [ $? != 0 ] ; then\n    # print error to STDERR\n    echo \"error: The sandbox is not in sync with the Podfile.lock. Run 'pod install' or update your CocoaPods installation.\" >&2\n    exit 1\nfi\n# This output is used by Xcode 'outputs' to avoid re-running this script phase.\necho \"SUCCESS\" > \"${SCRIPT_OUTPUT_FILE_0}\"\n";
			showEnvVarsInLog = 0;
		};
		1E5B7AD02800ABDE00F8BDDB /* [CP] Embed Pods Frameworks */ = {
			isa = PBXShellScriptBuildPhase;
			buildActionMask = 2147483647;
			files = (
			);
			inputFileListPaths = (
				"${PODS_ROOT}/Target Support Files/Pods-PerformanceTest/Pods-PerformanceTest-frameworks-${CONFIGURATION}-input-files.xcfilelist",
			);
			name = "[CP] Embed Pods Frameworks";
			outputFileListPaths = (
				"${PODS_ROOT}/Target Support Files/Pods-PerformanceTest/Pods-PerformanceTest-frameworks-${CONFIGURATION}-output-files.xcfilelist",
			);
			runOnlyForDeploymentPostprocessing = 0;
			shellPath = /bin/sh;
			shellScript = "\"${PODS_ROOT}/Target Support Files/Pods-PerformanceTest/Pods-PerformanceTest-frameworks.sh\"\n";
			showEnvVarsInLog = 0;
		};
		1E5B7AD12800ABDE00F8BDDB /* [CP] Copy Pods Resources */ = {
			isa = PBXShellScriptBuildPhase;
			buildActionMask = 2147483647;
			files = (
			);
			inputFileListPaths = (
				"${PODS_ROOT}/Target Support Files/Pods-PerformanceTest/Pods-PerformanceTest-resources-${CONFIGURATION}-input-files.xcfilelist",
			);
			name = "[CP] Copy Pods Resources";
			outputFileListPaths = (
				"${PODS_ROOT}/Target Support Files/Pods-PerformanceTest/Pods-PerformanceTest-resources-${CONFIGURATION}-output-files.xcfilelist",
			);
			runOnlyForDeploymentPostprocessing = 0;
			shellPath = /bin/sh;
			shellScript = "\"${PODS_ROOT}/Target Support Files/Pods-PerformanceTest/Pods-PerformanceTest-resources.sh\"\n";
			showEnvVarsInLog = 0;
		};
		2735EB327D16B1BB02AA2174 /* [CP] Copy Pods Resources */ = {
			isa = PBXShellScriptBuildPhase;
			buildActionMask = 2147483647;
			files = (
			);
			inputFileListPaths = (
				"${PODS_ROOT}/Target Support Files/Pods-RhinoAppTestUITests/Pods-RhinoAppTestUITests-resources-${CONFIGURATION}-input-files.xcfilelist",
			);
			name = "[CP] Copy Pods Resources";
			outputFileListPaths = (
				"${PODS_ROOT}/Target Support Files/Pods-RhinoAppTestUITests/Pods-RhinoAppTestUITests-resources-${CONFIGURATION}-output-files.xcfilelist",
			);
			runOnlyForDeploymentPostprocessing = 0;
			shellPath = /bin/sh;
			shellScript = "\"${PODS_ROOT}/Target Support Files/Pods-RhinoAppTestUITests/Pods-RhinoAppTestUITests-resources.sh\"\n";
			showEnvVarsInLog = 0;
		};
		67A615C483290DE603AA3CCF /* [CP] Embed Pods Frameworks */ = {
			isa = PBXShellScriptBuildPhase;
			buildActionMask = 2147483647;
			files = (
			);
			inputFileListPaths = (
				"${PODS_ROOT}/Target Support Files/Pods-RhinoAppTest/Pods-RhinoAppTest-frameworks-${CONFIGURATION}-input-files.xcfilelist",
			);
			name = "[CP] Embed Pods Frameworks";
			outputFileListPaths = (
				"${PODS_ROOT}/Target Support Files/Pods-RhinoAppTest/Pods-RhinoAppTest-frameworks-${CONFIGURATION}-output-files.xcfilelist",
			);
			runOnlyForDeploymentPostprocessing = 0;
			shellPath = /bin/sh;
			shellScript = "\"${PODS_ROOT}/Target Support Files/Pods-RhinoAppTest/Pods-RhinoAppTest-frameworks.sh\"\n";
			showEnvVarsInLog = 0;
		};
		CA6B1DE258959CB94690D59D /* [CP] Check Pods Manifest.lock */ = {
			isa = PBXShellScriptBuildPhase;
			buildActionMask = 2147483647;
			files = (
			);
			inputFileListPaths = (
			);
			inputPaths = (
				"${PODS_PODFILE_DIR_PATH}/Podfile.lock",
				"${PODS_ROOT}/Manifest.lock",
			);
			name = "[CP] Check Pods Manifest.lock";
			outputFileListPaths = (
			);
			outputPaths = (
				"$(DERIVED_FILE_DIR)/Pods-RhinoAppTestUITests-checkManifestLockResult.txt",
			);
			runOnlyForDeploymentPostprocessing = 0;
			shellPath = /bin/sh;
			shellScript = "diff \"${PODS_PODFILE_DIR_PATH}/Podfile.lock\" \"${PODS_ROOT}/Manifest.lock\" > /dev/null\nif [ $? != 0 ] ; then\n    # print error to STDERR\n    echo \"error: The sandbox is not in sync with the Podfile.lock. Run 'pod install' or update your CocoaPods installation.\" >&2\n    exit 1\nfi\n# This output is used by Xcode 'outputs' to avoid re-running this script phase.\necho \"SUCCESS\" > \"${SCRIPT_OUTPUT_FILE_0}\"\n";
			showEnvVarsInLog = 0;
		};
		CEE3623C1AD3D9A2CC59F1BF /* [CP] Embed Pods Frameworks */ = {
			isa = PBXShellScriptBuildPhase;
			buildActionMask = 2147483647;
			files = (
			);
			inputFileListPaths = (
				"${PODS_ROOT}/Target Support Files/Pods-RhinoAppTestUITests/Pods-RhinoAppTestUITests-frameworks-${CONFIGURATION}-input-files.xcfilelist",
			);
			name = "[CP] Embed Pods Frameworks";
			outputFileListPaths = (
				"${PODS_ROOT}/Target Support Files/Pods-RhinoAppTestUITests/Pods-RhinoAppTestUITests-frameworks-${CONFIGURATION}-output-files.xcfilelist",
			);
			runOnlyForDeploymentPostprocessing = 0;
			shellPath = /bin/sh;
			shellScript = "\"${PODS_ROOT}/Target Support Files/Pods-RhinoAppTestUITests/Pods-RhinoAppTestUITests-frameworks.sh\"\n";
			showEnvVarsInLog = 0;
		};
		EC659A1D531851ED5FBA02A3 /* [CP] Copy Pods Resources */ = {
			isa = PBXShellScriptBuildPhase;
			buildActionMask = 2147483647;
			files = (
			);
			inputFileListPaths = (
				"${PODS_ROOT}/Target Support Files/Pods-RhinoAppTest/Pods-RhinoAppTest-resources-${CONFIGURATION}-input-files.xcfilelist",
			);
			name = "[CP] Copy Pods Resources";
			outputFileListPaths = (
				"${PODS_ROOT}/Target Support Files/Pods-RhinoAppTest/Pods-RhinoAppTest-resources-${CONFIGURATION}-output-files.xcfilelist",
			);
			runOnlyForDeploymentPostprocessing = 0;
			shellPath = /bin/sh;
			shellScript = "\"${PODS_ROOT}/Target Support Files/Pods-RhinoAppTest/Pods-RhinoAppTest-resources.sh\"\n";
			showEnvVarsInLog = 0;
		};
/* End PBXShellScriptBuildPhase section */

/* Begin PBXSourcesBuildPhase section */
		1E1A57CA27CEC84000A05F37 /* Sources */ = {
			isa = PBXSourcesBuildPhase;
			buildActionMask = 2147483647;
			files = (
				1E1A57D627CEC84000A05F37 /* ViewController.swift in Sources */,
				1E1A57D227CEC84000A05F37 /* AppDelegate.swift in Sources */,
			);
			runOnlyForDeploymentPostprocessing = 0;
		};
		1E1A57EA27CEC84000A05F37 /* Sources */ = {
			isa = PBXSourcesBuildPhase;
			buildActionMask = 2147483647;
			files = (
				1E1A57F327CEC84000A05F37 /* RhinoAppTestUITests.swift in Sources */,
				A52A7DC1A64A0142FFC6AAC3 /* BaseTest.swift in Sources */,
				A52A74ECE4A9A3064CA97CB0 /* RhinoLanguageTests.swift in Sources */,
			);
			runOnlyForDeploymentPostprocessing = 0;
		};
		1E5B7AC02800ABDE00F8BDDB /* Sources */ = {
			isa = PBXSourcesBuildPhase;
			buildActionMask = 2147483647;
			files = (
				1E5B7AD72800AC2700F8BDDB /* PerformanceTest.swift in Sources */,
			);
			runOnlyForDeploymentPostprocessing = 0;
		};
/* End PBXSourcesBuildPhase section */

/* Begin PBXTargetDependency section */
		1E1A57F027CEC84000A05F37 /* PBXTargetDependency */ = {
			isa = PBXTargetDependency;
			target = 1E1A57CD27CEC84000A05F37 /* RhinoAppTest */;
			targetProxy = 1E1A57EF27CEC84000A05F37 /* PBXContainerItemProxy */;
		};
		1E5B7ABD2800ABDE00F8BDDB /* PBXTargetDependency */ = {
			isa = PBXTargetDependency;
			target = 1E1A57CD27CEC84000A05F37 /* RhinoAppTest */;
			targetProxy = 1E5B7ABE2800ABDE00F8BDDB /* PBXContainerItemProxy */;
		};
/* End PBXTargetDependency section */

/* Begin PBXVariantGroup section */
		1E1A57D727CEC84000A05F37 /* Main.storyboard */ = {
			isa = PBXVariantGroup;
			children = (
				1E1A57D827CEC84000A05F37 /* Base */,
			);
			name = Main.storyboard;
			sourceTree = "<group>";
		};
		1E1A57DC27CEC84000A05F37 /* LaunchScreen.storyboard */ = {
			isa = PBXVariantGroup;
			children = (
				1E1A57DD27CEC84000A05F37 /* Base */,
			);
			name = LaunchScreen.storyboard;
			sourceTree = "<group>";
		};
/* End PBXVariantGroup section */

/* Begin XCBuildConfiguration section */
		1E1A57F627CEC84000A05F37 /* Debug */ = {
			isa = XCBuildConfiguration;
			buildSettings = {
				ALWAYS_SEARCH_USER_PATHS = NO;
				CLANG_ANALYZER_NONNULL = YES;
				CLANG_ANALYZER_NUMBER_OBJECT_CONVERSION = YES_AGGRESSIVE;
				CLANG_CXX_LANGUAGE_STANDARD = "gnu++14";
				CLANG_CXX_LIBRARY = "libc++";
				CLANG_ENABLE_MODULES = YES;
				CLANG_ENABLE_OBJC_ARC = YES;
				CLANG_ENABLE_OBJC_WEAK = YES;
				CLANG_WARN_BLOCK_CAPTURE_AUTORELEASING = YES;
				CLANG_WARN_BOOL_CONVERSION = YES;
				CLANG_WARN_COMMA = YES;
				CLANG_WARN_CONSTANT_CONVERSION = YES;
				CLANG_WARN_DEPRECATED_OBJC_IMPLEMENTATIONS = YES;
				CLANG_WARN_DIRECT_OBJC_ISA_USAGE = YES_ERROR;
				CLANG_WARN_DOCUMENTATION_COMMENTS = YES;
				CLANG_WARN_EMPTY_BODY = YES;
				CLANG_WARN_ENUM_CONVERSION = YES;
				CLANG_WARN_INFINITE_RECURSION = YES;
				CLANG_WARN_INT_CONVERSION = YES;
				CLANG_WARN_NON_LITERAL_NULL_CONVERSION = YES;
				CLANG_WARN_OBJC_IMPLICIT_RETAIN_SELF = YES;
				CLANG_WARN_OBJC_LITERAL_CONVERSION = YES;
				CLANG_WARN_OBJC_ROOT_CLASS = YES_ERROR;
				CLANG_WARN_QUOTED_INCLUDE_IN_FRAMEWORK_HEADER = YES;
				CLANG_WARN_RANGE_LOOP_ANALYSIS = YES;
				CLANG_WARN_STRICT_PROTOTYPES = YES;
				CLANG_WARN_SUSPICIOUS_MOVE = YES;
				CLANG_WARN_UNGUARDED_AVAILABILITY = YES_AGGRESSIVE;
				CLANG_WARN_UNREACHABLE_CODE = YES;
				CLANG_WARN__DUPLICATE_METHOD_MATCH = YES;
				COPY_PHASE_STRIP = NO;
				DEBUG_INFORMATION_FORMAT = dwarf;
				ENABLE_STRICT_OBJC_MSGSEND = YES;
				ENABLE_TESTABILITY = YES;
				GCC_C_LANGUAGE_STANDARD = gnu11;
				GCC_DYNAMIC_NO_PIC = NO;
				GCC_NO_COMMON_BLOCKS = YES;
				GCC_OPTIMIZATION_LEVEL = 0;
				GCC_PREPROCESSOR_DEFINITIONS = (
					"DEBUG=1",
					"$(inherited)",
				);
				GCC_WARN_64_TO_32_BIT_CONVERSION = YES;
				GCC_WARN_ABOUT_RETURN_TYPE = YES_ERROR;
				GCC_WARN_UNDECLARED_SELECTOR = YES;
				GCC_WARN_UNINITIALIZED_AUTOS = YES_AGGRESSIVE;
				GCC_WARN_UNUSED_FUNCTION = YES;
				GCC_WARN_UNUSED_VARIABLE = YES;
				IPHONEOS_DEPLOYMENT_TARGET = 9.0;
				MTL_ENABLE_DEBUG_INFO = YES;
				ONLY_ACTIVE_ARCH = YES;
				SDKROOT = iphoneos;
				SWIFT_ACTIVE_COMPILATION_CONDITIONS = DEBUG;
				SWIFT_INCLUDE_PATHS = "${SRCROOT}";
				SWIFT_OPTIMIZATION_LEVEL = "-Onone";
			};
			name = Debug;
		};
		1E1A57F727CEC84000A05F37 /* Release */ = {
			isa = XCBuildConfiguration;
			buildSettings = {
				ALWAYS_SEARCH_USER_PATHS = NO;
				CLANG_ANALYZER_NONNULL = YES;
				CLANG_ANALYZER_NUMBER_OBJECT_CONVERSION = YES_AGGRESSIVE;
				CLANG_CXX_LANGUAGE_STANDARD = "gnu++14";
				CLANG_CXX_LIBRARY = "libc++";
				CLANG_ENABLE_MODULES = YES;
				CLANG_ENABLE_OBJC_ARC = YES;
				CLANG_ENABLE_OBJC_WEAK = YES;
				CLANG_WARN_BLOCK_CAPTURE_AUTORELEASING = YES;
				CLANG_WARN_BOOL_CONVERSION = YES;
				CLANG_WARN_COMMA = YES;
				CLANG_WARN_CONSTANT_CONVERSION = YES;
				CLANG_WARN_DEPRECATED_OBJC_IMPLEMENTATIONS = YES;
				CLANG_WARN_DIRECT_OBJC_ISA_USAGE = YES_ERROR;
				CLANG_WARN_DOCUMENTATION_COMMENTS = YES;
				CLANG_WARN_EMPTY_BODY = YES;
				CLANG_WARN_ENUM_CONVERSION = YES;
				CLANG_WARN_INFINITE_RECURSION = YES;
				CLANG_WARN_INT_CONVERSION = YES;
				CLANG_WARN_NON_LITERAL_NULL_CONVERSION = YES;
				CLANG_WARN_OBJC_IMPLICIT_RETAIN_SELF = YES;
				CLANG_WARN_OBJC_LITERAL_CONVERSION = YES;
				CLANG_WARN_OBJC_ROOT_CLASS = YES_ERROR;
				CLANG_WARN_QUOTED_INCLUDE_IN_FRAMEWORK_HEADER = YES;
				CLANG_WARN_RANGE_LOOP_ANALYSIS = YES;
				CLANG_WARN_STRICT_PROTOTYPES = YES;
				CLANG_WARN_SUSPICIOUS_MOVE = YES;
				CLANG_WARN_UNGUARDED_AVAILABILITY = YES_AGGRESSIVE;
				CLANG_WARN_UNREACHABLE_CODE = YES;
				CLANG_WARN__DUPLICATE_METHOD_MATCH = YES;
				COPY_PHASE_STRIP = NO;
				DEBUG_INFORMATION_FORMAT = "dwarf-with-dsym";
				ENABLE_NS_ASSERTIONS = NO;
				ENABLE_STRICT_OBJC_MSGSEND = YES;
				GCC_C_LANGUAGE_STANDARD = gnu11;
				GCC_NO_COMMON_BLOCKS = YES;
				GCC_WARN_64_TO_32_BIT_CONVERSION = YES;
				GCC_WARN_ABOUT_RETURN_TYPE = YES_ERROR;
				GCC_WARN_UNDECLARED_SELECTOR = YES;
				GCC_WARN_UNINITIALIZED_AUTOS = YES_AGGRESSIVE;
				GCC_WARN_UNUSED_FUNCTION = YES;
				GCC_WARN_UNUSED_VARIABLE = YES;
				IPHONEOS_DEPLOYMENT_TARGET = 9.0;
				MTL_ENABLE_DEBUG_INFO = NO;
				SDKROOT = iphoneos;
				SWIFT_COMPILATION_MODE = wholemodule;
				SWIFT_INCLUDE_PATHS = "${SRCROOT}";
				SWIFT_OPTIMIZATION_LEVEL = "-O";
				VALIDATE_PRODUCT = YES;
			};
			name = Release;
		};
		1E1A57F927CEC84000A05F37 /* Debug */ = {
			isa = XCBuildConfiguration;
			baseConfigurationReference = 900FCBC5CECD2C71CA548677 /* Pods-RhinoAppTest.debug.xcconfig */;
			buildSettings = {
				ASSETCATALOG_COMPILER_APPICON_NAME = AppIcon;
				ASSETCATALOG_COMPILER_GLOBAL_ACCENT_COLOR_NAME = AccentColor;
				CODE_SIGN_STYLE = Automatic;
				CURRENT_PROJECT_VERSION = 1;
				DEVELOPMENT_TEAM = 65723695GD;
				GENERATE_INFOPLIST_FILE = YES;
				INFOPLIST_FILE = RhinoAppTest/Info.plist;
				INFOPLIST_KEY_UIApplicationSupportsIndirectInputEvents = YES;
				INFOPLIST_KEY_UILaunchStoryboardName = LaunchScreen;
				INFOPLIST_KEY_UIMainStoryboardFile = Main;
				INFOPLIST_KEY_UISupportedInterfaceOrientations_iPad = "UIInterfaceOrientationPortrait UIInterfaceOrientationPortraitUpsideDown UIInterfaceOrientationLandscapeLeft UIInterfaceOrientationLandscapeRight";
				INFOPLIST_KEY_UISupportedInterfaceOrientations_iPhone = "UIInterfaceOrientationPortrait UIInterfaceOrientationLandscapeLeft UIInterfaceOrientationLandscapeRight";
				LD_RUNPATH_SEARCH_PATHS = (
					"$(inherited)",
					"@executable_path/Frameworks",
				);
				MARKETING_VERSION = 1.0;
				PRODUCT_BUNDLE_IDENTIFIER = ai.picovoice.RhinoAppTest;
				PRODUCT_NAME = "$(TARGET_NAME)";
				SWIFT_EMIT_LOC_STRINGS = YES;
				SWIFT_VERSION = 5.0;
				TARGETED_DEVICE_FAMILY = 1;
			};
			name = Debug;
		};
		1E1A57FA27CEC84000A05F37 /* Release */ = {
			isa = XCBuildConfiguration;
			baseConfigurationReference = 2B1742C8ACAFE68554B2DFD4 /* Pods-RhinoAppTest.release.xcconfig */;
			buildSettings = {
				ASSETCATALOG_COMPILER_APPICON_NAME = AppIcon;
				ASSETCATALOG_COMPILER_GLOBAL_ACCENT_COLOR_NAME = AccentColor;
				CODE_SIGN_STYLE = Automatic;
				CURRENT_PROJECT_VERSION = 1;
				DEVELOPMENT_TEAM = 65723695GD;
				GENERATE_INFOPLIST_FILE = YES;
				INFOPLIST_FILE = RhinoAppTest/Info.plist;
				INFOPLIST_KEY_UIApplicationSupportsIndirectInputEvents = YES;
				INFOPLIST_KEY_UILaunchStoryboardName = LaunchScreen;
				INFOPLIST_KEY_UIMainStoryboardFile = Main;
				INFOPLIST_KEY_UISupportedInterfaceOrientations_iPad = "UIInterfaceOrientationPortrait UIInterfaceOrientationPortraitUpsideDown UIInterfaceOrientationLandscapeLeft UIInterfaceOrientationLandscapeRight";
				INFOPLIST_KEY_UISupportedInterfaceOrientations_iPhone = "UIInterfaceOrientationPortrait UIInterfaceOrientationLandscapeLeft UIInterfaceOrientationLandscapeRight";
				LD_RUNPATH_SEARCH_PATHS = (
					"$(inherited)",
					"@executable_path/Frameworks",
				);
				MARKETING_VERSION = 1.0;
				PRODUCT_BUNDLE_IDENTIFIER = ai.picovoice.RhinoAppTest;
				PRODUCT_NAME = "$(TARGET_NAME)";
				SWIFT_EMIT_LOC_STRINGS = YES;
				SWIFT_VERSION = 5.0;
				TARGETED_DEVICE_FAMILY = 1;
			};
			name = Release;
		};
		1E1A57FF27CEC84000A05F37 /* Debug */ = {
			isa = XCBuildConfiguration;
			baseConfigurationReference = 18FAB8FC8D086FF2500A0A6A /* Pods-RhinoAppTestUITests.debug.xcconfig */;
			buildSettings = {
				CODE_SIGN_STYLE = Automatic;
				CURRENT_PROJECT_VERSION = 1;
				DEVELOPMENT_TEAM = 65723695GD;
				GENERATE_INFOPLIST_FILE = YES;
				LD_RUNPATH_SEARCH_PATHS = (
					"$(inherited)",
					"@executable_path/Frameworks",
					"@loader_path/Frameworks",
				);
				MARKETING_VERSION = 1.0;
				PRODUCT_BUNDLE_IDENTIFIER = ai.picovoice.RhinoAppTestUITests;
				PRODUCT_NAME = "$(TARGET_NAME)";
				SWIFT_EMIT_LOC_STRINGS = NO;
				SWIFT_VERSION = 5.0;
				TARGETED_DEVICE_FAMILY = "1,2";
				TEST_TARGET_NAME = RhinoAppTest;
			};
			name = Debug;
		};
		1E1A580027CEC84000A05F37 /* Release */ = {
			isa = XCBuildConfiguration;
			baseConfigurationReference = 5D3D0649948C17F6FF2875C0 /* Pods-RhinoAppTestUITests.release.xcconfig */;
			buildSettings = {
				CODE_SIGN_STYLE = Automatic;
				CURRENT_PROJECT_VERSION = 1;
				DEVELOPMENT_TEAM = 65723695GD;
				GENERATE_INFOPLIST_FILE = YES;
				LD_RUNPATH_SEARCH_PATHS = (
					"$(inherited)",
					"@executable_path/Frameworks",
					"@loader_path/Frameworks",
				);
				MARKETING_VERSION = 1.0;
				PRODUCT_BUNDLE_IDENTIFIER = ai.picovoice.RhinoAppTestUITests;
				PRODUCT_NAME = "$(TARGET_NAME)";
				SWIFT_EMIT_LOC_STRINGS = NO;
				SWIFT_VERSION = 5.0;
				TARGETED_DEVICE_FAMILY = "1,2";
				TEST_TARGET_NAME = RhinoAppTest;
			};
			name = Release;
		};
		1E5B7AD32800ABDE00F8BDDB /* Debug */ = {
			isa = XCBuildConfiguration;
			baseConfigurationReference = F10FFBFDE9AD2034FA8C0429 /* Pods-PerformanceTest.debug.xcconfig */;
			buildSettings = {
				CODE_SIGN_STYLE = Automatic;
				CURRENT_PROJECT_VERSION = 1;
				DEVELOPMENT_TEAM = 65723695GD;
				GENERATE_INFOPLIST_FILE = YES;
				LD_RUNPATH_SEARCH_PATHS = (
					"$(inherited)",
					"@executable_path/Frameworks",
					"@loader_path/Frameworks",
				);
				MARKETING_VERSION = 1.0;
				PRODUCT_BUNDLE_IDENTIFIER = ai.picovoice.RhinoAppTestUITests;
				PRODUCT_NAME = "$(TARGET_NAME)";
				SWIFT_EMIT_LOC_STRINGS = NO;
				SWIFT_VERSION = 5.0;
				TARGETED_DEVICE_FAMILY = "1,2";
				TEST_TARGET_NAME = RhinoAppTest;
			};
			name = Debug;
		};
		1E5B7AD42800ABDE00F8BDDB /* Release */ = {
			isa = XCBuildConfiguration;
			baseConfigurationReference = F679D59C9F02B60A47B90200 /* Pods-PerformanceTest.release.xcconfig */;
			buildSettings = {
				CODE_SIGN_STYLE = Automatic;
				CURRENT_PROJECT_VERSION = 1;
				DEVELOPMENT_TEAM = 65723695GD;
				GENERATE_INFOPLIST_FILE = YES;
				LD_RUNPATH_SEARCH_PATHS = (
					"$(inherited)",
					"@executable_path/Frameworks",
					"@loader_path/Frameworks",
				);
				MARKETING_VERSION = 1.0;
				PRODUCT_BUNDLE_IDENTIFIER = ai.picovoice.RhinoAppTestUITests;
				PRODUCT_NAME = "$(TARGET_NAME)";
				SWIFT_EMIT_LOC_STRINGS = NO;
				SWIFT_VERSION = 5.0;
				TARGETED_DEVICE_FAMILY = "1,2";
				TEST_TARGET_NAME = RhinoAppTest;
			};
			name = Release;
		};
/* End XCBuildConfiguration section */

/* Begin XCConfigurationList section */
		1E1A57C927CEC84000A05F37 /* Build configuration list for PBXProject "RhinoAppTest" */ = {
			isa = XCConfigurationList;
			buildConfigurations = (
				1E1A57F627CEC84000A05F37 /* Debug */,
				1E1A57F727CEC84000A05F37 /* Release */,
			);
			defaultConfigurationIsVisible = 0;
			defaultConfigurationName = Release;
		};
		1E1A57F827CEC84000A05F37 /* Build configuration list for PBXNativeTarget "RhinoAppTest" */ = {
			isa = XCConfigurationList;
			buildConfigurations = (
				1E1A57F927CEC84000A05F37 /* Debug */,
				1E1A57FA27CEC84000A05F37 /* Release */,
			);
			defaultConfigurationIsVisible = 0;
			defaultConfigurationName = Release;
		};
		1E1A57FE27CEC84000A05F37 /* Build configuration list for PBXNativeTarget "RhinoAppTestUITests" */ = {
			isa = XCConfigurationList;
			buildConfigurations = (
				1E1A57FF27CEC84000A05F37 /* Debug */,
				1E1A580027CEC84000A05F37 /* Release */,
			);
			defaultConfigurationIsVisible = 0;
			defaultConfigurationName = Release;
		};
		1E5B7AD22800ABDE00F8BDDB /* Build configuration list for PBXNativeTarget "PerformanceTest" */ = {
			isa = XCConfigurationList;
			buildConfigurations = (
				1E5B7AD32800ABDE00F8BDDB /* Debug */,
				1E5B7AD42800ABDE00F8BDDB /* Release */,
			);
			defaultConfigurationIsVisible = 0;
			defaultConfigurationName = Release;
		};
/* End XCConfigurationList section */
	};
	rootObject = 1E1A57C627CEC84000A05F37 /* Project object */;
}
