# THIS IS AN AUTOGENERATED FILE. DO NOT EDIT THIS FILE DIRECTLY.
# yarn lockfile v1


"@picovoice/rhino-web-core@^2.1.2":
  version "2.1.2"
  resolved "https://registry.yarnpkg.com/@picovoice/rhino-web-core/-/rhino-web-core-2.1.2.tgz#ef5e21f47e9973bbb11e6e4b21ff75fb44bf0e5a"
  integrity sha512-svWBeS5vmUQIEq4zV08bjhL82mTtV3+ia8IJaZ3uAK3PAHtYI0vZrP2DY7ErG+aTWEAZkIrkoqdoz2+qXJ35mg==

tslib@^2.0.0:
  version "2.1.0"
  resolved "https://registry.yarnpkg.com/tslib/-/tslib-2.1.0.tgz#da60860f1c2ecaa5703ab7d39bc05b6bf988b97a"
  integrity sha512-hcVC3wYEziELGGmEEXue7D75zbwIIVUMWAVbHItGPx0ziyXxrOMQx4rQEVEV45Ut/1IotuEvwqPopzIOkDMf0A==
