PODS:
  - ios-voice-processor (1.0.3)
  - Rhino-iOS (2.1.2):
    - ios-voice-processor (~> 1.0.2)

DEPENDENCIES:
  - Rhino-iOS (from `https://raw.githubusercontent.com/Picovoice/rhino/lib-update/binding/ios/Rhino-iOS.podspec`)

SPEC REPOS:
  trunk:
    - ios-voice-processor

EXTERNAL SOURCES:
  Rhino-iOS:
    :podspec: https://raw.githubusercontent.com/Picovoice/rhino/lib-update/binding/ios/Rhino-iOS.podspec

CHECKOUT OPTIONS:
  Rhino-iOS:
    :commit: 25b322fcfa828dc8a5e936f55bdfe213dc473f85
    :git: https://github.com/Picovoice/rhino.git

SPEC CHECKSUMS:
  ios-voice-processor: 65b25a8db69ea25ffba0eeef37bae71a982f34cc
  Rhino-iOS: 075a258d07fc55c316a86a5ec84667e015a2ddaf

PODFILE CHECKSUM: d2429f30220990c899a4a6b297326ba8759a8f5e

COCOAPODS: 1.11.2
